
Microsoft Visual Studio Solution File, Format Version 12.00
# Visual Studio 14
VisualStudioVersion = 14.0.25420.1
MinimumVisualStudioVersion = 10.0.40219.1
Project("{FAE04EC0-301F-11D3-BF4B-00C04F79EFBC}") = "OneAppAway", "OneAppAway\OneAppAway.csproj", "{20C382CE-9305-462A-803B-26710F88748F}"
EndProject
Project("{FAE04EC0-301F-11D3-BF4B-00C04F79EFBC}") = "DatabaseArchiver", "DatabaseArchiver\DatabaseArchiver.csproj", "{0C05E78E-C056-4F36-AB2D-1ED9A65BE017}"
EndProject
Project("{FAE04EC0-301F-11D3-BF4B-00C04F79EFBC}") = "UnitTests", "UnitTests\UnitTests.csproj", "{9F4D75FE-23DB-4176-9A01-1937103F6270}"
EndProject
Project("{FAE04EC0-301F-11D3-BF4B-00C04F79EFBC}") = "CommonClasses", "ClassLibrary1\CommonClasses.csproj", "{24EEC194-2107-40A6-B5A4-57083E05131D}"
EndProject
Project("{2150E333-8FDC-42A3-9474-1A3956D46DE8}") = "Xamarin Platforms", "Xamarin Platforms", "{37EC1E54-D8DC-456B-B37A-E47350EBBD0B}"
EndProject
Project("{2150E333-8FDC-42A3-9474-1A3956D46DE8}") = "Windows Apps", "Windows Apps", "{665C6778-9478-479F-AE01-E0BA0306B329}"
EndProject
Project("{2150E333-8FDC-42A3-9474-1A3956D46DE8}") = "All-Platform Code", "All-Platform Code", "{444736E4-3511-48F0-BD9B-CCB045B7C1E5}"
EndProject
Project("{2150E333-8FDC-42A3-9474-1A3956D46DE8}") = "Tests", "Tests", "{B0E5D4CC-1694-460D-812E-B63B8F72EAC5}"
EndProject
Project("{D954291E-2A0B-460D-934E-DC6B0785DB48}") = "UWPShared", "UWPShared\UWPShared.shproj", "{7ADC8FB2-42F2-4666-AA62-00A2942A2CF6}"
EndProject
Project("{FAE04EC0-301F-11D3-BF4B-00C04F79EFBC}") = "OneAppAwayAnalytics", "OneAppAwayAnalytics\OneAppAwayAnalytics.csproj", "{B7CB7A97-E7CA-47AD-A362-5438D357AC1A}"
EndProject
Project("{2150E333-8FDC-42A3-9474-1A3956D46DE8}") = "OneAppAway_Windows8_1", "OneAppAway_Windows8_1", "{EFF4D575-D313-415F-861A-C0DF6F51F3D0}"
EndProject
Project("{D954291E-2A0B-460D-934E-DC6B0785DB48}") = "OneAppAway_Windows8_1.Shared", "OneAppAway_Windows8_1\OneAppAway_Windows8_1.Shared\OneAppAway_Windows8_1.Shared.shproj", "{EB8C353E-7F44-48E7-BBFE-A3BCA9C2642E}"
EndProject
Project("{FAE04EC0-301F-11D3-BF4B-00C04F79EFBC}") = "OneAppAway_Windows8_1.Windows", "OneAppAway_Windows8_1\OneAppAway_Windows8_1.Windows\OneAppAway_Windows8_1.Windows.csproj", "{8A31328D-AF1D-4ED5-AA82-18048510BD38}"
EndProject
Project("{FAE04EC0-301F-11D3-BF4B-00C04F79EFBC}") = "OneAppAway_Windows8_1.WindowsPhone", "OneAppAway_Windows8_1\OneAppAway_Windows8_1.WindowsPhone\OneAppAway_Windows8_1.WindowsPhone.csproj", "{730D3E89-3876-4AD6-9E21-BEC2CD228177}"
EndProject
Project("{FAE04EC0-301F-11D3-BF4B-00C04F79EFBC}") = "TestUWP", "TestUWP\TestUWP.csproj", "{EBFB5A72-0899-41F6-97D4-D2CBA7FE329A}"
EndProject
Project("{FAE04EC0-301F-11D3-BF4B-00C04F79EFBC}") = "OneAppAway.Android", "OneAppAway.Android\OneAppAway.Android.csproj", "{A0985243-6D60-466A-9FB5-8071489B75F1}"
EndProject
Project("{FAE04EC0-301F-11D3-BF4B-00C04F79EFBC}") = "OneAppAway.XamarinForms.Droid", "OneAppAway.XamarinForms\OneAppAway.XamarinForms.Droid\OneAppAway.XamarinForms.Droid.csproj", "{745AC153-A2E6-40D8-B35C-D67AB0368420}"
EndProject
Project("{FAE04EC0-301F-11D3-BF4B-00C04F79EFBC}") = "OneAppAway.XamarinForms.iOS", "OneAppAway.XamarinForms\OneAppAway.XamarinForms.iOS\OneAppAway.XamarinForms.iOS.csproj", "{C7819D3E-A66A-4E85-AB68-E7829F3DABCD}"
EndProject
Project("{FAE04EC0-301F-11D3-BF4B-00C04F79EFBC}") = "OneAppAway.XamarinForms.WinPhone", "OneAppAway.XamarinForms\OneAppAway.XamarinForms.WinPhone\OneAppAway.XamarinForms.WinPhone.csproj", "{DCAE8696-214B-48BD-ACCD-16B0F9F0CA8A}"
EndProject
Project("{FAE04EC0-301F-11D3-BF4B-00C04F79EFBC}") = "OneAppAway.XamarinForms.Windows", "OneAppAway.XamarinForms\OneAppAway.XamarinForms.Windows\OneAppAway.XamarinForms.Windows.csproj", "{9007FAFA-D3A8-4F23-AFAD-19A7DB8C66C4}"
EndProject
Project("{FAE04EC0-301F-11D3-BF4B-00C04F79EFBC}") = "OneAppAway.XamarinForms", "OneAppAway.XamarinForms\OneAppAway.XamarinForms\OneAppAway.XamarinForms.csproj", "{3C088A08-A687-4846-AC56-F03F67EDBA8E}"
EndProject
Global
	GlobalSection(SharedMSBuildProjectFiles) = preSolution
		UWPShared\UWPShared.projitems*{0c05e78e-c056-4f36-ab2d-1ed9a65be017}*SharedItemsImports = 4
		UWPShared\UWPShared.projitems*{20c382ce-9305-462a-803b-26710f88748f}*SharedItemsImports = 4
		OneAppAway_Windows8_1\OneAppAway_Windows8_1.Shared\OneAppAway_Windows8_1.Shared.projitems*{730d3e89-3876-4ad6-9e21-bec2cd228177}*SharedItemsImports = 4
		UWPShared\UWPShared.projitems*{7adc8fb2-42f2-4666-aa62-00a2942a2cf6}*SharedItemsImports = 13
		OneAppAway_Windows8_1\OneAppAway_Windows8_1.Shared\OneAppAway_Windows8_1.Shared.projitems*{8a31328d-af1d-4ed5-aa82-18048510bd38}*SharedItemsImports = 4
		OneAppAway_Windows8_1\OneAppAway_Windows8_1.Shared\OneAppAway_Windows8_1.Shared.projitems*{eb8c353e-7f44-48e7-bbfe-a3bca9c2642e}*SharedItemsImports = 13
	EndGlobalSection
	GlobalSection(SolutionConfigurationPlatforms) = preSolution
		Ad-Hoc|Any CPU = Ad-Hoc|Any CPU
		Ad-Hoc|ARM = Ad-Hoc|ARM
		Ad-Hoc|iPhone = Ad-Hoc|iPhone
		Ad-Hoc|iPhoneSimulator = Ad-Hoc|iPhoneSimulator
		Ad-Hoc|x64 = Ad-Hoc|x64
		Ad-Hoc|x86 = Ad-Hoc|x86
		AppStore|Any CPU = AppStore|Any CPU
		AppStore|ARM = AppStore|ARM
		AppStore|iPhone = AppStore|iPhone
		AppStore|iPhoneSimulator = AppStore|iPhoneSimulator
		AppStore|x64 = AppStore|x64
		AppStore|x86 = AppStore|x86
		Debug|Any CPU = Debug|Any CPU
		Debug|ARM = Debug|ARM
		Debug|iPhone = Debug|iPhone
		Debug|iPhoneSimulator = Debug|iPhoneSimulator
		Debug|x64 = Debug|x64
		Debug|x86 = Debug|x86
		Release|Any CPU = Release|Any CPU
		Release|ARM = Release|ARM
		Release|iPhone = Release|iPhone
		Release|iPhoneSimulator = Release|iPhoneSimulator
		Release|x64 = Release|x64
		Release|x86 = Release|x86
	EndGlobalSection
	GlobalSection(ProjectConfigurationPlatforms) = postSolution
		{20C382CE-9305-462A-803B-26710F88748F}.Ad-Hoc|Any CPU.ActiveCfg = Release|x64
		{20C382CE-9305-462A-803B-26710F88748F}.Ad-Hoc|Any CPU.Build.0 = Release|x64
		{20C382CE-9305-462A-803B-26710F88748F}.Ad-Hoc|Any CPU.Deploy.0 = Release|x64
		{20C382CE-9305-462A-803B-26710F88748F}.Ad-Hoc|ARM.ActiveCfg = Release|ARM
		{20C382CE-9305-462A-803B-26710F88748F}.Ad-Hoc|ARM.Build.0 = Release|ARM
		{20C382CE-9305-462A-803B-26710F88748F}.Ad-Hoc|ARM.Deploy.0 = Release|ARM
		{20C382CE-9305-462A-803B-26710F88748F}.Ad-Hoc|iPhone.ActiveCfg = Release|x64
		{20C382CE-9305-462A-803B-26710F88748F}.Ad-Hoc|iPhone.Build.0 = Release|x64
		{20C382CE-9305-462A-803B-26710F88748F}.Ad-Hoc|iPhone.Deploy.0 = Release|x64
		{20C382CE-9305-462A-803B-26710F88748F}.Ad-Hoc|iPhoneSimulator.ActiveCfg = Release|x64
		{20C382CE-9305-462A-803B-26710F88748F}.Ad-Hoc|iPhoneSimulator.Build.0 = Release|x64
		{20C382CE-9305-462A-803B-26710F88748F}.Ad-Hoc|iPhoneSimulator.Deploy.0 = Release|x64
		{20C382CE-9305-462A-803B-26710F88748F}.Ad-Hoc|x64.ActiveCfg = Release|x64
		{20C382CE-9305-462A-803B-26710F88748F}.Ad-Hoc|x64.Build.0 = Release|x64
		{20C382CE-9305-462A-803B-26710F88748F}.Ad-Hoc|x64.Deploy.0 = Release|x64
		{20C382CE-9305-462A-803B-26710F88748F}.Ad-Hoc|x86.ActiveCfg = Release|x86
		{20C382CE-9305-462A-803B-26710F88748F}.Ad-Hoc|x86.Build.0 = Release|x86
		{20C382CE-9305-462A-803B-26710F88748F}.Ad-Hoc|x86.Deploy.0 = Release|x86
		{20C382CE-9305-462A-803B-26710F88748F}.AppStore|Any CPU.ActiveCfg = Release|x64
		{20C382CE-9305-462A-803B-26710F88748F}.AppStore|Any CPU.Build.0 = Release|x64
		{20C382CE-9305-462A-803B-26710F88748F}.AppStore|Any CPU.Deploy.0 = Release|x64
		{20C382CE-9305-462A-803B-26710F88748F}.AppStore|ARM.ActiveCfg = Release|ARM
		{20C382CE-9305-462A-803B-26710F88748F}.AppStore|ARM.Build.0 = Release|ARM
		{20C382CE-9305-462A-803B-26710F88748F}.AppStore|ARM.Deploy.0 = Release|ARM
		{20C382CE-9305-462A-803B-26710F88748F}.AppStore|iPhone.ActiveCfg = Release|x64
		{20C382CE-9305-462A-803B-26710F88748F}.AppStore|iPhone.Build.0 = Release|x64
		{20C382CE-9305-462A-803B-26710F88748F}.AppStore|iPhone.Deploy.0 = Release|x64
		{20C382CE-9305-462A-803B-26710F88748F}.AppStore|iPhoneSimulator.ActiveCfg = Release|x64
		{20C382CE-9305-462A-803B-26710F88748F}.AppStore|iPhoneSimulator.Build.0 = Release|x64
		{20C382CE-9305-462A-803B-26710F88748F}.AppStore|iPhoneSimulator.Deploy.0 = Release|x64
		{20C382CE-9305-462A-803B-26710F88748F}.AppStore|x64.ActiveCfg = Release|x64
		{20C382CE-9305-462A-803B-26710F88748F}.AppStore|x64.Build.0 = Release|x64
		{20C382CE-9305-462A-803B-26710F88748F}.AppStore|x64.Deploy.0 = Release|x64
		{20C382CE-9305-462A-803B-26710F88748F}.AppStore|x86.ActiveCfg = Release|x86
		{20C382CE-9305-462A-803B-26710F88748F}.AppStore|x86.Build.0 = Release|x86
		{20C382CE-9305-462A-803B-26710F88748F}.AppStore|x86.Deploy.0 = Release|x86
		{20C382CE-9305-462A-803B-26710F88748F}.Debug|Any CPU.ActiveCfg = Debug|ARM
		{20C382CE-9305-462A-803B-26710F88748F}.Debug|Any CPU.Build.0 = Debug|ARM
		{20C382CE-9305-462A-803B-26710F88748F}.Debug|Any CPU.Deploy.0 = Debug|ARM
		{20C382CE-9305-462A-803B-26710F88748F}.Debug|ARM.ActiveCfg = Debug|ARM
		{20C382CE-9305-462A-803B-26710F88748F}.Debug|ARM.Build.0 = Debug|ARM
		{20C382CE-9305-462A-803B-26710F88748F}.Debug|ARM.Deploy.0 = Debug|ARM
		{20C382CE-9305-462A-803B-26710F88748F}.Debug|iPhone.ActiveCfg = Debug|x86
		{20C382CE-9305-462A-803B-26710F88748F}.Debug|iPhoneSimulator.ActiveCfg = Debug|x86
		{20C382CE-9305-462A-803B-26710F88748F}.Debug|x64.ActiveCfg = Debug|x64
		{20C382CE-9305-462A-803B-26710F88748F}.Debug|x64.Build.0 = Debug|x64
		{20C382CE-9305-462A-803B-26710F88748F}.Debug|x64.Deploy.0 = Debug|x64
		{20C382CE-9305-462A-803B-26710F88748F}.Debug|x86.ActiveCfg = Debug|x86
		{20C382CE-9305-462A-803B-26710F88748F}.Debug|x86.Build.0 = Debug|x86
		{20C382CE-9305-462A-803B-26710F88748F}.Debug|x86.Deploy.0 = Debug|x86
		{20C382CE-9305-462A-803B-26710F88748F}.Release|Any CPU.ActiveCfg = Release|x86
		{20C382CE-9305-462A-803B-26710F88748F}.Release|ARM.ActiveCfg = Release|ARM
		{20C382CE-9305-462A-803B-26710F88748F}.Release|ARM.Build.0 = Release|ARM
		{20C382CE-9305-462A-803B-26710F88748F}.Release|ARM.Deploy.0 = Release|ARM
		{20C382CE-9305-462A-803B-26710F88748F}.Release|iPhone.ActiveCfg = Release|x86
		{20C382CE-9305-462A-803B-26710F88748F}.Release|iPhoneSimulator.ActiveCfg = Release|x86
		{20C382CE-9305-462A-803B-26710F88748F}.Release|x64.ActiveCfg = Release|x64
		{20C382CE-9305-462A-803B-26710F88748F}.Release|x64.Build.0 = Release|x64
		{20C382CE-9305-462A-803B-26710F88748F}.Release|x64.Deploy.0 = Release|x64
		{20C382CE-9305-462A-803B-26710F88748F}.Release|x86.ActiveCfg = Release|x86
		{20C382CE-9305-462A-803B-26710F88748F}.Release|x86.Build.0 = Release|x86
		{20C382CE-9305-462A-803B-26710F88748F}.Release|x86.Deploy.0 = Release|x86
		{0C05E78E-C056-4F36-AB2D-1ED9A65BE017}.Ad-Hoc|Any CPU.ActiveCfg = Release|x64
		{0C05E78E-C056-4F36-AB2D-1ED9A65BE017}.Ad-Hoc|Any CPU.Build.0 = Release|x64
		{0C05E78E-C056-4F36-AB2D-1ED9A65BE017}.Ad-Hoc|Any CPU.Deploy.0 = Release|x64
		{0C05E78E-C056-4F36-AB2D-1ED9A65BE017}.Ad-Hoc|ARM.ActiveCfg = Release|ARM
		{0C05E78E-C056-4F36-AB2D-1ED9A65BE017}.Ad-Hoc|ARM.Build.0 = Release|ARM
		{0C05E78E-C056-4F36-AB2D-1ED9A65BE017}.Ad-Hoc|ARM.Deploy.0 = Release|ARM
		{0C05E78E-C056-4F36-AB2D-1ED9A65BE017}.Ad-Hoc|iPhone.ActiveCfg = Release|x64
		{0C05E78E-C056-4F36-AB2D-1ED9A65BE017}.Ad-Hoc|iPhone.Build.0 = Release|x64
		{0C05E78E-C056-4F36-AB2D-1ED9A65BE017}.Ad-Hoc|iPhone.Deploy.0 = Release|x64
		{0C05E78E-C056-4F36-AB2D-1ED9A65BE017}.Ad-Hoc|iPhoneSimulator.ActiveCfg = Release|x64
		{0C05E78E-C056-4F36-AB2D-1ED9A65BE017}.Ad-Hoc|iPhoneSimulator.Build.0 = Release|x64
		{0C05E78E-C056-4F36-AB2D-1ED9A65BE017}.Ad-Hoc|iPhoneSimulator.Deploy.0 = Release|x64
		{0C05E78E-C056-4F36-AB2D-1ED9A65BE017}.Ad-Hoc|x64.ActiveCfg = Release|x64
		{0C05E78E-C056-4F36-AB2D-1ED9A65BE017}.Ad-Hoc|x64.Build.0 = Release|x64
		{0C05E78E-C056-4F36-AB2D-1ED9A65BE017}.Ad-Hoc|x64.Deploy.0 = Release|x64
		{0C05E78E-C056-4F36-AB2D-1ED9A65BE017}.Ad-Hoc|x86.ActiveCfg = Release|x86
		{0C05E78E-C056-4F36-AB2D-1ED9A65BE017}.Ad-Hoc|x86.Build.0 = Release|x86
		{0C05E78E-C056-4F36-AB2D-1ED9A65BE017}.Ad-Hoc|x86.Deploy.0 = Release|x86
		{0C05E78E-C056-4F36-AB2D-1ED9A65BE017}.AppStore|Any CPU.ActiveCfg = Release|x64
		{0C05E78E-C056-4F36-AB2D-1ED9A65BE017}.AppStore|Any CPU.Build.0 = Release|x64
		{0C05E78E-C056-4F36-AB2D-1ED9A65BE017}.AppStore|Any CPU.Deploy.0 = Release|x64
		{0C05E78E-C056-4F36-AB2D-1ED9A65BE017}.AppStore|ARM.ActiveCfg = Release|ARM
		{0C05E78E-C056-4F36-AB2D-1ED9A65BE017}.AppStore|ARM.Build.0 = Release|ARM
		{0C05E78E-C056-4F36-AB2D-1ED9A65BE017}.AppStore|ARM.Deploy.0 = Release|ARM
		{0C05E78E-C056-4F36-AB2D-1ED9A65BE017}.AppStore|iPhone.ActiveCfg = Release|x64
		{0C05E78E-C056-4F36-AB2D-1ED9A65BE017}.AppStore|iPhone.Build.0 = Release|x64
		{0C05E78E-C056-4F36-AB2D-1ED9A65BE017}.AppStore|iPhone.Deploy.0 = Release|x64
		{0C05E78E-C056-4F36-AB2D-1ED9A65BE017}.AppStore|iPhoneSimulator.ActiveCfg = Release|x64
		{0C05E78E-C056-4F36-AB2D-1ED9A65BE017}.AppStore|iPhoneSimulator.Build.0 = Release|x64
		{0C05E78E-C056-4F36-AB2D-1ED9A65BE017}.AppStore|iPhoneSimulator.Deploy.0 = Release|x64
		{0C05E78E-C056-4F36-AB2D-1ED9A65BE017}.AppStore|x64.ActiveCfg = Release|x64
		{0C05E78E-C056-4F36-AB2D-1ED9A65BE017}.AppStore|x64.Build.0 = Release|x64
		{0C05E78E-C056-4F36-AB2D-1ED9A65BE017}.AppStore|x64.Deploy.0 = Release|x64
		{0C05E78E-C056-4F36-AB2D-1ED9A65BE017}.AppStore|x86.ActiveCfg = Release|x86
		{0C05E78E-C056-4F36-AB2D-1ED9A65BE017}.AppStore|x86.Build.0 = Release|x86
		{0C05E78E-C056-4F36-AB2D-1ED9A65BE017}.AppStore|x86.Deploy.0 = Release|x86
		{0C05E78E-C056-4F36-AB2D-1ED9A65BE017}.Debug|Any CPU.ActiveCfg = Debug|x86
		{0C05E78E-C056-4F36-AB2D-1ED9A65BE017}.Debug|ARM.ActiveCfg = Debug|ARM
		{0C05E78E-C056-4F36-AB2D-1ED9A65BE017}.Debug|ARM.Build.0 = Debug|ARM
		{0C05E78E-C056-4F36-AB2D-1ED9A65BE017}.Debug|ARM.Deploy.0 = Debug|ARM
		{0C05E78E-C056-4F36-AB2D-1ED9A65BE017}.Debug|iPhone.ActiveCfg = Debug|x86
		{0C05E78E-C056-4F36-AB2D-1ED9A65BE017}.Debug|iPhoneSimulator.ActiveCfg = Debug|x86
		{0C05E78E-C056-4F36-AB2D-1ED9A65BE017}.Debug|x64.ActiveCfg = Debug|x64
		{0C05E78E-C056-4F36-AB2D-1ED9A65BE017}.Debug|x64.Build.0 = Debug|x64
		{0C05E78E-C056-4F36-AB2D-1ED9A65BE017}.Debug|x64.Deploy.0 = Debug|x64
		{0C05E78E-C056-4F36-AB2D-1ED9A65BE017}.Debug|x86.ActiveCfg = Debug|x86
		{0C05E78E-C056-4F36-AB2D-1ED9A65BE017}.Debug|x86.Build.0 = Debug|x86
		{0C05E78E-C056-4F36-AB2D-1ED9A65BE017}.Debug|x86.Deploy.0 = Debug|x86
		{0C05E78E-C056-4F36-AB2D-1ED9A65BE017}.Release|Any CPU.ActiveCfg = Release|x86
		{0C05E78E-C056-4F36-AB2D-1ED9A65BE017}.Release|ARM.ActiveCfg = Release|ARM
		{0C05E78E-C056-4F36-AB2D-1ED9A65BE017}.Release|ARM.Build.0 = Release|ARM
		{0C05E78E-C056-4F36-AB2D-1ED9A65BE017}.Release|ARM.Deploy.0 = Release|ARM
		{0C05E78E-C056-4F36-AB2D-1ED9A65BE017}.Release|iPhone.ActiveCfg = Release|x86
		{0C05E78E-C056-4F36-AB2D-1ED9A65BE017}.Release|iPhoneSimulator.ActiveCfg = Release|x86
		{0C05E78E-C056-4F36-AB2D-1ED9A65BE017}.Release|x64.ActiveCfg = Release|x64
		{0C05E78E-C056-4F36-AB2D-1ED9A65BE017}.Release|x64.Build.0 = Release|x64
		{0C05E78E-C056-4F36-AB2D-1ED9A65BE017}.Release|x64.Deploy.0 = Release|x64
		{0C05E78E-C056-4F36-AB2D-1ED9A65BE017}.Release|x86.ActiveCfg = Release|x86
		{0C05E78E-C056-4F36-AB2D-1ED9A65BE017}.Release|x86.Build.0 = Release|x86
		{0C05E78E-C056-4F36-AB2D-1ED9A65BE017}.Release|x86.Deploy.0 = Release|x86
		{9F4D75FE-23DB-4176-9A01-1937103F6270}.Ad-Hoc|Any CPU.ActiveCfg = Release|Any CPU
		{9F4D75FE-23DB-4176-9A01-1937103F6270}.Ad-Hoc|Any CPU.Build.0 = Release|Any CPU
		{9F4D75FE-23DB-4176-9A01-1937103F6270}.Ad-Hoc|ARM.ActiveCfg = Release|Any CPU
		{9F4D75FE-23DB-4176-9A01-1937103F6270}.Ad-Hoc|ARM.Build.0 = Release|Any CPU
		{9F4D75FE-23DB-4176-9A01-1937103F6270}.Ad-Hoc|iPhone.ActiveCfg = Release|Any CPU
		{9F4D75FE-23DB-4176-9A01-1937103F6270}.Ad-Hoc|iPhone.Build.0 = Release|Any CPU
		{9F4D75FE-23DB-4176-9A01-1937103F6270}.Ad-Hoc|iPhoneSimulator.ActiveCfg = Release|Any CPU
		{9F4D75FE-23DB-4176-9A01-1937103F6270}.Ad-Hoc|iPhoneSimulator.Build.0 = Release|Any CPU
		{9F4D75FE-23DB-4176-9A01-1937103F6270}.Ad-Hoc|x64.ActiveCfg = Release|Any CPU
		{9F4D75FE-23DB-4176-9A01-1937103F6270}.Ad-Hoc|x64.Build.0 = Release|Any CPU
		{9F4D75FE-23DB-4176-9A01-1937103F6270}.Ad-Hoc|x86.ActiveCfg = Release|Any CPU
		{9F4D75FE-23DB-4176-9A01-1937103F6270}.Ad-Hoc|x86.Build.0 = Release|Any CPU
		{9F4D75FE-23DB-4176-9A01-1937103F6270}.AppStore|Any CPU.ActiveCfg = Release|Any CPU
		{9F4D75FE-23DB-4176-9A01-1937103F6270}.AppStore|Any CPU.Build.0 = Release|Any CPU
		{9F4D75FE-23DB-4176-9A01-1937103F6270}.AppStore|ARM.ActiveCfg = Release|Any CPU
		{9F4D75FE-23DB-4176-9A01-1937103F6270}.AppStore|ARM.Build.0 = Release|Any CPU
		{9F4D75FE-23DB-4176-9A01-1937103F6270}.AppStore|iPhone.ActiveCfg = Release|Any CPU
		{9F4D75FE-23DB-4176-9A01-1937103F6270}.AppStore|iPhone.Build.0 = Release|Any CPU
		{9F4D75FE-23DB-4176-9A01-1937103F6270}.AppStore|iPhoneSimulator.ActiveCfg = Release|Any CPU
		{9F4D75FE-23DB-4176-9A01-1937103F6270}.AppStore|iPhoneSimulator.Build.0 = Release|Any CPU
		{9F4D75FE-23DB-4176-9A01-1937103F6270}.AppStore|x64.ActiveCfg = Release|Any CPU
		{9F4D75FE-23DB-4176-9A01-1937103F6270}.AppStore|x64.Build.0 = Release|Any CPU
		{9F4D75FE-23DB-4176-9A01-1937103F6270}.AppStore|x86.ActiveCfg = Release|Any CPU
		{9F4D75FE-23DB-4176-9A01-1937103F6270}.AppStore|x86.Build.0 = Release|Any CPU
		{9F4D75FE-23DB-4176-9A01-1937103F6270}.Debug|Any CPU.ActiveCfg = Debug|Any CPU
		{9F4D75FE-23DB-4176-9A01-1937103F6270}.Debug|Any CPU.Build.0 = Debug|Any CPU
		{9F4D75FE-23DB-4176-9A01-1937103F6270}.Debug|ARM.ActiveCfg = Debug|Any CPU
		{9F4D75FE-23DB-4176-9A01-1937103F6270}.Debug|ARM.Build.0 = Debug|Any CPU
		{9F4D75FE-23DB-4176-9A01-1937103F6270}.Debug|iPhone.ActiveCfg = Debug|Any CPU
		{9F4D75FE-23DB-4176-9A01-1937103F6270}.Debug|iPhone.Build.0 = Debug|Any CPU
		{9F4D75FE-23DB-4176-9A01-1937103F6270}.Debug|iPhoneSimulator.ActiveCfg = Debug|Any CPU
		{9F4D75FE-23DB-4176-9A01-1937103F6270}.Debug|iPhoneSimulator.Build.0 = Debug|Any CPU
		{9F4D75FE-23DB-4176-9A01-1937103F6270}.Debug|x64.ActiveCfg = Debug|Any CPU
		{9F4D75FE-23DB-4176-9A01-1937103F6270}.Debug|x64.Build.0 = Debug|Any CPU
		{9F4D75FE-23DB-4176-9A01-1937103F6270}.Debug|x86.ActiveCfg = Debug|Any CPU
		{9F4D75FE-23DB-4176-9A01-1937103F6270}.Debug|x86.Build.0 = Debug|Any CPU
		{9F4D75FE-23DB-4176-9A01-1937103F6270}.Release|Any CPU.ActiveCfg = Release|Any CPU
		{9F4D75FE-23DB-4176-9A01-1937103F6270}.Release|Any CPU.Build.0 = Release|Any CPU
		{9F4D75FE-23DB-4176-9A01-1937103F6270}.Release|ARM.ActiveCfg = Release|Any CPU
		{9F4D75FE-23DB-4176-9A01-1937103F6270}.Release|ARM.Build.0 = Release|Any CPU
		{9F4D75FE-23DB-4176-9A01-1937103F6270}.Release|iPhone.ActiveCfg = Release|Any CPU
		{9F4D75FE-23DB-4176-9A01-1937103F6270}.Release|iPhone.Build.0 = Release|Any CPU
		{9F4D75FE-23DB-4176-9A01-1937103F6270}.Release|iPhoneSimulator.ActiveCfg = Release|Any CPU
		{9F4D75FE-23DB-4176-9A01-1937103F6270}.Release|iPhoneSimulator.Build.0 = Release|Any CPU
		{9F4D75FE-23DB-4176-9A01-1937103F6270}.Release|x64.ActiveCfg = Release|Any CPU
		{9F4D75FE-23DB-4176-9A01-1937103F6270}.Release|x64.Build.0 = Release|Any CPU
		{9F4D75FE-23DB-4176-9A01-1937103F6270}.Release|x86.ActiveCfg = Release|Any CPU
		{9F4D75FE-23DB-4176-9A01-1937103F6270}.Release|x86.Build.0 = Release|Any CPU
		{24EEC194-2107-40A6-B5A4-57083E05131D}.Ad-Hoc|Any CPU.ActiveCfg = Release|Any CPU
		{24EEC194-2107-40A6-B5A4-57083E05131D}.Ad-Hoc|Any CPU.Build.0 = Release|Any CPU
		{24EEC194-2107-40A6-B5A4-57083E05131D}.Ad-Hoc|ARM.ActiveCfg = Release|Any CPU
		{24EEC194-2107-40A6-B5A4-57083E05131D}.Ad-Hoc|ARM.Build.0 = Release|Any CPU
		{24EEC194-2107-40A6-B5A4-57083E05131D}.Ad-Hoc|iPhone.ActiveCfg = Release|Any CPU
		{24EEC194-2107-40A6-B5A4-57083E05131D}.Ad-Hoc|iPhone.Build.0 = Release|Any CPU
		{24EEC194-2107-40A6-B5A4-57083E05131D}.Ad-Hoc|iPhoneSimulator.ActiveCfg = Release|Any CPU
		{24EEC194-2107-40A6-B5A4-57083E05131D}.Ad-Hoc|iPhoneSimulator.Build.0 = Release|Any CPU
		{24EEC194-2107-40A6-B5A4-57083E05131D}.Ad-Hoc|x64.ActiveCfg = Release|Any CPU
		{24EEC194-2107-40A6-B5A4-57083E05131D}.Ad-Hoc|x64.Build.0 = Release|Any CPU
		{24EEC194-2107-40A6-B5A4-57083E05131D}.Ad-Hoc|x86.ActiveCfg = Release|Any CPU
		{24EEC194-2107-40A6-B5A4-57083E05131D}.Ad-Hoc|x86.Build.0 = Release|Any CPU
		{24EEC194-2107-40A6-B5A4-57083E05131D}.AppStore|Any CPU.ActiveCfg = Release|Any CPU
		{24EEC194-2107-40A6-B5A4-57083E05131D}.AppStore|Any CPU.Build.0 = Release|Any CPU
		{24EEC194-2107-40A6-B5A4-57083E05131D}.AppStore|ARM.ActiveCfg = Release|Any CPU
		{24EEC194-2107-40A6-B5A4-57083E05131D}.AppStore|ARM.Build.0 = Release|Any CPU
		{24EEC194-2107-40A6-B5A4-57083E05131D}.AppStore|iPhone.ActiveCfg = Release|Any CPU
		{24EEC194-2107-40A6-B5A4-57083E05131D}.AppStore|iPhone.Build.0 = Release|Any CPU
		{24EEC194-2107-40A6-B5A4-57083E05131D}.AppStore|iPhoneSimulator.ActiveCfg = Release|Any CPU
		{24EEC194-2107-40A6-B5A4-57083E05131D}.AppStore|iPhoneSimulator.Build.0 = Release|Any CPU
		{24EEC194-2107-40A6-B5A4-57083E05131D}.AppStore|x64.ActiveCfg = Release|Any CPU
		{24EEC194-2107-40A6-B5A4-57083E05131D}.AppStore|x64.Build.0 = Release|Any CPU
		{24EEC194-2107-40A6-B5A4-57083E05131D}.AppStore|x86.ActiveCfg = Release|Any CPU
		{24EEC194-2107-40A6-B5A4-57083E05131D}.AppStore|x86.Build.0 = Release|Any CPU
		{24EEC194-2107-40A6-B5A4-57083E05131D}.Debug|Any CPU.ActiveCfg = Debug|Any CPU
		{24EEC194-2107-40A6-B5A4-57083E05131D}.Debug|Any CPU.Build.0 = Debug|Any CPU
		{24EEC194-2107-40A6-B5A4-57083E05131D}.Debug|ARM.ActiveCfg = Debug|Any CPU
		{24EEC194-2107-40A6-B5A4-57083E05131D}.Debug|ARM.Build.0 = Debug|Any CPU
		{24EEC194-2107-40A6-B5A4-57083E05131D}.Debug|iPhone.ActiveCfg = Debug|Any CPU
		{24EEC194-2107-40A6-B5A4-57083E05131D}.Debug|iPhone.Build.0 = Debug|Any CPU
		{24EEC194-2107-40A6-B5A4-57083E05131D}.Debug|iPhoneSimulator.ActiveCfg = Debug|Any CPU
		{24EEC194-2107-40A6-B5A4-57083E05131D}.Debug|iPhoneSimulator.Build.0 = Debug|Any CPU
		{24EEC194-2107-40A6-B5A4-57083E05131D}.Debug|x64.ActiveCfg = Debug|Any CPU
		{24EEC194-2107-40A6-B5A4-57083E05131D}.Debug|x64.Build.0 = Debug|Any CPU
		{24EEC194-2107-40A6-B5A4-57083E05131D}.Debug|x86.ActiveCfg = Debug|Any CPU
		{24EEC194-2107-40A6-B5A4-57083E05131D}.Debug|x86.Build.0 = Debug|Any CPU
		{24EEC194-2107-40A6-B5A4-57083E05131D}.Release|Any CPU.ActiveCfg = Release|Any CPU
		{24EEC194-2107-40A6-B5A4-57083E05131D}.Release|Any CPU.Build.0 = Release|Any CPU
		{24EEC194-2107-40A6-B5A4-57083E05131D}.Release|ARM.ActiveCfg = Release|Any CPU
		{24EEC194-2107-40A6-B5A4-57083E05131D}.Release|ARM.Build.0 = Release|Any CPU
		{24EEC194-2107-40A6-B5A4-57083E05131D}.Release|iPhone.ActiveCfg = Release|Any CPU
		{24EEC194-2107-40A6-B5A4-57083E05131D}.Release|iPhone.Build.0 = Release|Any CPU
		{24EEC194-2107-40A6-B5A4-57083E05131D}.Release|iPhoneSimulator.ActiveCfg = Release|Any CPU
		{24EEC194-2107-40A6-B5A4-57083E05131D}.Release|iPhoneSimulator.Build.0 = Release|Any CPU
		{24EEC194-2107-40A6-B5A4-57083E05131D}.Release|x64.ActiveCfg = Release|Any CPU
		{24EEC194-2107-40A6-B5A4-57083E05131D}.Release|x64.Build.0 = Release|Any CPU
		{24EEC194-2107-40A6-B5A4-57083E05131D}.Release|x86.ActiveCfg = Release|Any CPU
		{24EEC194-2107-40A6-B5A4-57083E05131D}.Release|x86.Build.0 = Release|Any CPU
		{B7CB7A97-E7CA-47AD-A362-5438D357AC1A}.Ad-Hoc|Any CPU.ActiveCfg = Release|Any CPU
		{B7CB7A97-E7CA-47AD-A362-5438D357AC1A}.Ad-Hoc|Any CPU.Build.0 = Release|Any CPU
		{B7CB7A97-E7CA-47AD-A362-5438D357AC1A}.Ad-Hoc|ARM.ActiveCfg = Release|Any CPU
		{B7CB7A97-E7CA-47AD-A362-5438D357AC1A}.Ad-Hoc|ARM.Build.0 = Release|Any CPU
		{B7CB7A97-E7CA-47AD-A362-5438D357AC1A}.Ad-Hoc|iPhone.ActiveCfg = Release|Any CPU
		{B7CB7A97-E7CA-47AD-A362-5438D357AC1A}.Ad-Hoc|iPhone.Build.0 = Release|Any CPU
		{B7CB7A97-E7CA-47AD-A362-5438D357AC1A}.Ad-Hoc|iPhoneSimulator.ActiveCfg = Release|Any CPU
		{B7CB7A97-E7CA-47AD-A362-5438D357AC1A}.Ad-Hoc|iPhoneSimulator.Build.0 = Release|Any CPU
		{B7CB7A97-E7CA-47AD-A362-5438D357AC1A}.Ad-Hoc|x64.ActiveCfg = Release|Any CPU
		{B7CB7A97-E7CA-47AD-A362-5438D357AC1A}.Ad-Hoc|x64.Build.0 = Release|Any CPU
		{B7CB7A97-E7CA-47AD-A362-5438D357AC1A}.Ad-Hoc|x86.ActiveCfg = Release|Any CPU
		{B7CB7A97-E7CA-47AD-A362-5438D357AC1A}.Ad-Hoc|x86.Build.0 = Release|Any CPU
		{B7CB7A97-E7CA-47AD-A362-5438D357AC1A}.AppStore|Any CPU.ActiveCfg = Release|Any CPU
		{B7CB7A97-E7CA-47AD-A362-5438D357AC1A}.AppStore|Any CPU.Build.0 = Release|Any CPU
		{B7CB7A97-E7CA-47AD-A362-5438D357AC1A}.AppStore|ARM.ActiveCfg = Release|Any CPU
		{B7CB7A97-E7CA-47AD-A362-5438D357AC1A}.AppStore|ARM.Build.0 = Release|Any CPU
		{B7CB7A97-E7CA-47AD-A362-5438D357AC1A}.AppStore|iPhone.ActiveCfg = Release|Any CPU
		{B7CB7A97-E7CA-47AD-A362-5438D357AC1A}.AppStore|iPhone.Build.0 = Release|Any CPU
		{B7CB7A97-E7CA-47AD-A362-5438D357AC1A}.AppStore|iPhoneSimulator.ActiveCfg = Release|Any CPU
		{B7CB7A97-E7CA-47AD-A362-5438D357AC1A}.AppStore|iPhoneSimulator.Build.0 = Release|Any CPU
		{B7CB7A97-E7CA-47AD-A362-5438D357AC1A}.AppStore|x64.ActiveCfg = Release|Any CPU
		{B7CB7A97-E7CA-47AD-A362-5438D357AC1A}.AppStore|x64.Build.0 = Release|Any CPU
		{B7CB7A97-E7CA-47AD-A362-5438D357AC1A}.AppStore|x86.ActiveCfg = Release|Any CPU
		{B7CB7A97-E7CA-47AD-A362-5438D357AC1A}.AppStore|x86.Build.0 = Release|Any CPU
		{B7CB7A97-E7CA-47AD-A362-5438D357AC1A}.Debug|Any CPU.ActiveCfg = Debug|Any CPU
		{B7CB7A97-E7CA-47AD-A362-5438D357AC1A}.Debug|Any CPU.Build.0 = Debug|Any CPU
		{B7CB7A97-E7CA-47AD-A362-5438D357AC1A}.Debug|ARM.ActiveCfg = Debug|Any CPU
		{B7CB7A97-E7CA-47AD-A362-5438D357AC1A}.Debug|ARM.Build.0 = Debug|Any CPU
		{B7CB7A97-E7CA-47AD-A362-5438D357AC1A}.Debug|iPhone.ActiveCfg = Debug|Any CPU
		{B7CB7A97-E7CA-47AD-A362-5438D357AC1A}.Debug|iPhone.Build.0 = Debug|Any CPU
		{B7CB7A97-E7CA-47AD-A362-5438D357AC1A}.Debug|iPhoneSimulator.ActiveCfg = Debug|Any CPU
		{B7CB7A97-E7CA-47AD-A362-5438D357AC1A}.Debug|iPhoneSimulator.Build.0 = Debug|Any CPU
		{B7CB7A97-E7CA-47AD-A362-5438D357AC1A}.Debug|x64.ActiveCfg = Debug|Any CPU
		{B7CB7A97-E7CA-47AD-A362-5438D357AC1A}.Debug|x64.Build.0 = Debug|Any CPU
		{B7CB7A97-E7CA-47AD-A362-5438D357AC1A}.Debug|x86.ActiveCfg = Debug|Any CPU
		{B7CB7A97-E7CA-47AD-A362-5438D357AC1A}.Debug|x86.Build.0 = Debug|Any CPU
		{B7CB7A97-E7CA-47AD-A362-5438D357AC1A}.Release|Any CPU.ActiveCfg = Release|Any CPU
		{B7CB7A97-E7CA-47AD-A362-5438D357AC1A}.Release|Any CPU.Build.0 = Release|Any CPU
		{B7CB7A97-E7CA-47AD-A362-5438D357AC1A}.Release|ARM.ActiveCfg = Release|Any CPU
		{B7CB7A97-E7CA-47AD-A362-5438D357AC1A}.Release|ARM.Build.0 = Release|Any CPU
		{B7CB7A97-E7CA-47AD-A362-5438D357AC1A}.Release|iPhone.ActiveCfg = Release|Any CPU
		{B7CB7A97-E7CA-47AD-A362-5438D357AC1A}.Release|iPhone.Build.0 = Release|Any CPU
		{B7CB7A97-E7CA-47AD-A362-5438D357AC1A}.Release|iPhoneSimulator.ActiveCfg = Release|Any CPU
		{B7CB7A97-E7CA-47AD-A362-5438D357AC1A}.Release|iPhoneSimulator.Build.0 = Release|Any CPU
		{B7CB7A97-E7CA-47AD-A362-5438D357AC1A}.Release|x64.ActiveCfg = Release|Any CPU
		{B7CB7A97-E7CA-47AD-A362-5438D357AC1A}.Release|x64.Build.0 = Release|Any CPU
		{B7CB7A97-E7CA-47AD-A362-5438D357AC1A}.Release|x86.ActiveCfg = Release|Any CPU
		{B7CB7A97-E7CA-47AD-A362-5438D357AC1A}.Release|x86.Build.0 = Release|Any CPU
		{8A31328D-AF1D-4ED5-AA82-18048510BD38}.Ad-Hoc|Any CPU.ActiveCfg = Release|Any CPU
		{8A31328D-AF1D-4ED5-AA82-18048510BD38}.Ad-Hoc|Any CPU.Build.0 = Release|Any CPU
		{8A31328D-AF1D-4ED5-AA82-18048510BD38}.Ad-Hoc|Any CPU.Deploy.0 = Release|Any CPU
		{8A31328D-AF1D-4ED5-AA82-18048510BD38}.Ad-Hoc|ARM.ActiveCfg = Release|ARM
		{8A31328D-AF1D-4ED5-AA82-18048510BD38}.Ad-Hoc|ARM.Build.0 = Release|ARM
		{8A31328D-AF1D-4ED5-AA82-18048510BD38}.Ad-Hoc|ARM.Deploy.0 = Release|ARM
		{8A31328D-AF1D-4ED5-AA82-18048510BD38}.Ad-Hoc|iPhone.ActiveCfg = Release|Any CPU
		{8A31328D-AF1D-4ED5-AA82-18048510BD38}.Ad-Hoc|iPhone.Build.0 = Release|Any CPU
		{8A31328D-AF1D-4ED5-AA82-18048510BD38}.Ad-Hoc|iPhone.Deploy.0 = Release|Any CPU
		{8A31328D-AF1D-4ED5-AA82-18048510BD38}.Ad-Hoc|iPhoneSimulator.ActiveCfg = Release|Any CPU
		{8A31328D-AF1D-4ED5-AA82-18048510BD38}.Ad-Hoc|iPhoneSimulator.Build.0 = Release|Any CPU
		{8A31328D-AF1D-4ED5-AA82-18048510BD38}.Ad-Hoc|iPhoneSimulator.Deploy.0 = Release|Any CPU
		{8A31328D-AF1D-4ED5-AA82-18048510BD38}.Ad-Hoc|x64.ActiveCfg = Release|x64
		{8A31328D-AF1D-4ED5-AA82-18048510BD38}.Ad-Hoc|x64.Build.0 = Release|x64
		{8A31328D-AF1D-4ED5-AA82-18048510BD38}.Ad-Hoc|x64.Deploy.0 = Release|x64
		{8A31328D-AF1D-4ED5-AA82-18048510BD38}.Ad-Hoc|x86.ActiveCfg = Release|x86
		{8A31328D-AF1D-4ED5-AA82-18048510BD38}.Ad-Hoc|x86.Build.0 = Release|x86
		{8A31328D-AF1D-4ED5-AA82-18048510BD38}.Ad-Hoc|x86.Deploy.0 = Release|x86
		{8A31328D-AF1D-4ED5-AA82-18048510BD38}.AppStore|Any CPU.ActiveCfg = Release|Any CPU
		{8A31328D-AF1D-4ED5-AA82-18048510BD38}.AppStore|Any CPU.Build.0 = Release|Any CPU
		{8A31328D-AF1D-4ED5-AA82-18048510BD38}.AppStore|Any CPU.Deploy.0 = Release|Any CPU
		{8A31328D-AF1D-4ED5-AA82-18048510BD38}.AppStore|ARM.ActiveCfg = Release|ARM
		{8A31328D-AF1D-4ED5-AA82-18048510BD38}.AppStore|ARM.Build.0 = Release|ARM
		{8A31328D-AF1D-4ED5-AA82-18048510BD38}.AppStore|ARM.Deploy.0 = Release|ARM
		{8A31328D-AF1D-4ED5-AA82-18048510BD38}.AppStore|iPhone.ActiveCfg = Release|Any CPU
		{8A31328D-AF1D-4ED5-AA82-18048510BD38}.AppStore|iPhone.Build.0 = Release|Any CPU
		{8A31328D-AF1D-4ED5-AA82-18048510BD38}.AppStore|iPhone.Deploy.0 = Release|Any CPU
		{8A31328D-AF1D-4ED5-AA82-18048510BD38}.AppStore|iPhoneSimulator.ActiveCfg = Release|Any CPU
		{8A31328D-AF1D-4ED5-AA82-18048510BD38}.AppStore|iPhoneSimulator.Build.0 = Release|Any CPU
		{8A31328D-AF1D-4ED5-AA82-18048510BD38}.AppStore|iPhoneSimulator.Deploy.0 = Release|Any CPU
		{8A31328D-AF1D-4ED5-AA82-18048510BD38}.AppStore|x64.ActiveCfg = Release|x64
		{8A31328D-AF1D-4ED5-AA82-18048510BD38}.AppStore|x64.Build.0 = Release|x64
		{8A31328D-AF1D-4ED5-AA82-18048510BD38}.AppStore|x64.Deploy.0 = Release|x64
		{8A31328D-AF1D-4ED5-AA82-18048510BD38}.AppStore|x86.ActiveCfg = Release|x86
		{8A31328D-AF1D-4ED5-AA82-18048510BD38}.AppStore|x86.Build.0 = Release|x86
		{8A31328D-AF1D-4ED5-AA82-18048510BD38}.AppStore|x86.Deploy.0 = Release|x86
		{8A31328D-AF1D-4ED5-AA82-18048510BD38}.Debug|Any CPU.ActiveCfg = Debug|Any CPU
		{8A31328D-AF1D-4ED5-AA82-18048510BD38}.Debug|Any CPU.Build.0 = Debug|Any CPU
		{8A31328D-AF1D-4ED5-AA82-18048510BD38}.Debug|Any CPU.Deploy.0 = Debug|Any CPU
		{8A31328D-AF1D-4ED5-AA82-18048510BD38}.Debug|ARM.ActiveCfg = Debug|ARM
		{8A31328D-AF1D-4ED5-AA82-18048510BD38}.Debug|ARM.Build.0 = Debug|ARM
		{8A31328D-AF1D-4ED5-AA82-18048510BD38}.Debug|ARM.Deploy.0 = Debug|ARM
		{8A31328D-AF1D-4ED5-AA82-18048510BD38}.Debug|iPhone.ActiveCfg = Debug|Any CPU
		{8A31328D-AF1D-4ED5-AA82-18048510BD38}.Debug|iPhone.Build.0 = Debug|Any CPU
		{8A31328D-AF1D-4ED5-AA82-18048510BD38}.Debug|iPhone.Deploy.0 = Debug|Any CPU
		{8A31328D-AF1D-4ED5-AA82-18048510BD38}.Debug|iPhoneSimulator.ActiveCfg = Debug|Any CPU
		{8A31328D-AF1D-4ED5-AA82-18048510BD38}.Debug|iPhoneSimulator.Build.0 = Debug|Any CPU
		{8A31328D-AF1D-4ED5-AA82-18048510BD38}.Debug|iPhoneSimulator.Deploy.0 = Debug|Any CPU
		{8A31328D-AF1D-4ED5-AA82-18048510BD38}.Debug|x64.ActiveCfg = Debug|x64
		{8A31328D-AF1D-4ED5-AA82-18048510BD38}.Debug|x64.Build.0 = Debug|x64
		{8A31328D-AF1D-4ED5-AA82-18048510BD38}.Debug|x64.Deploy.0 = Debug|x64
		{8A31328D-AF1D-4ED5-AA82-18048510BD38}.Debug|x86.ActiveCfg = Debug|x86
		{8A31328D-AF1D-4ED5-AA82-18048510BD38}.Debug|x86.Build.0 = Debug|x86
		{8A31328D-AF1D-4ED5-AA82-18048510BD38}.Debug|x86.Deploy.0 = Debug|x86
		{8A31328D-AF1D-4ED5-AA82-18048510BD38}.Release|Any CPU.ActiveCfg = Release|Any CPU
		{8A31328D-AF1D-4ED5-AA82-18048510BD38}.Release|Any CPU.Build.0 = Release|Any CPU
		{8A31328D-AF1D-4ED5-AA82-18048510BD38}.Release|Any CPU.Deploy.0 = Release|Any CPU
		{8A31328D-AF1D-4ED5-AA82-18048510BD38}.Release|ARM.ActiveCfg = Release|ARM
		{8A31328D-AF1D-4ED5-AA82-18048510BD38}.Release|ARM.Build.0 = Release|ARM
		{8A31328D-AF1D-4ED5-AA82-18048510BD38}.Release|ARM.Deploy.0 = Release|ARM
		{8A31328D-AF1D-4ED5-AA82-18048510BD38}.Release|iPhone.ActiveCfg = Release|Any CPU
		{8A31328D-AF1D-4ED5-AA82-18048510BD38}.Release|iPhone.Build.0 = Release|Any CPU
		{8A31328D-AF1D-4ED5-AA82-18048510BD38}.Release|iPhone.Deploy.0 = Release|Any CPU
		{8A31328D-AF1D-4ED5-AA82-18048510BD38}.Release|iPhoneSimulator.ActiveCfg = Release|Any CPU
		{8A31328D-AF1D-4ED5-AA82-18048510BD38}.Release|iPhoneSimulator.Build.0 = Release|Any CPU
		{8A31328D-AF1D-4ED5-AA82-18048510BD38}.Release|iPhoneSimulator.Deploy.0 = Release|Any CPU
		{8A31328D-AF1D-4ED5-AA82-18048510BD38}.Release|x64.ActiveCfg = Release|x64
		{8A31328D-AF1D-4ED5-AA82-18048510BD38}.Release|x64.Build.0 = Release|x64
		{8A31328D-AF1D-4ED5-AA82-18048510BD38}.Release|x64.Deploy.0 = Release|x64
		{8A31328D-AF1D-4ED5-AA82-18048510BD38}.Release|x86.ActiveCfg = Release|x86
		{8A31328D-AF1D-4ED5-AA82-18048510BD38}.Release|x86.Build.0 = Release|x86
		{8A31328D-AF1D-4ED5-AA82-18048510BD38}.Release|x86.Deploy.0 = Release|x86
		{730D3E89-3876-4AD6-9E21-BEC2CD228177}.Ad-Hoc|Any CPU.ActiveCfg = Release|Any CPU
		{730D3E89-3876-4AD6-9E21-BEC2CD228177}.Ad-Hoc|Any CPU.Build.0 = Release|Any CPU
		{730D3E89-3876-4AD6-9E21-BEC2CD228177}.Ad-Hoc|Any CPU.Deploy.0 = Release|Any CPU
		{730D3E89-3876-4AD6-9E21-BEC2CD228177}.Ad-Hoc|ARM.ActiveCfg = Release|ARM
		{730D3E89-3876-4AD6-9E21-BEC2CD228177}.Ad-Hoc|ARM.Build.0 = Release|ARM
		{730D3E89-3876-4AD6-9E21-BEC2CD228177}.Ad-Hoc|ARM.Deploy.0 = Release|ARM
		{730D3E89-3876-4AD6-9E21-BEC2CD228177}.Ad-Hoc|iPhone.ActiveCfg = Release|Any CPU
		{730D3E89-3876-4AD6-9E21-BEC2CD228177}.Ad-Hoc|iPhone.Build.0 = Release|Any CPU
		{730D3E89-3876-4AD6-9E21-BEC2CD228177}.Ad-Hoc|iPhone.Deploy.0 = Release|Any CPU
		{730D3E89-3876-4AD6-9E21-BEC2CD228177}.Ad-Hoc|iPhoneSimulator.ActiveCfg = Release|Any CPU
		{730D3E89-3876-4AD6-9E21-BEC2CD228177}.Ad-Hoc|iPhoneSimulator.Build.0 = Release|Any CPU
		{730D3E89-3876-4AD6-9E21-BEC2CD228177}.Ad-Hoc|iPhoneSimulator.Deploy.0 = Release|Any CPU
		{730D3E89-3876-4AD6-9E21-BEC2CD228177}.Ad-Hoc|x64.ActiveCfg = Release|Any CPU
		{730D3E89-3876-4AD6-9E21-BEC2CD228177}.Ad-Hoc|x64.Build.0 = Release|Any CPU
		{730D3E89-3876-4AD6-9E21-BEC2CD228177}.Ad-Hoc|x64.Deploy.0 = Release|Any CPU
		{730D3E89-3876-4AD6-9E21-BEC2CD228177}.Ad-Hoc|x86.ActiveCfg = Release|x86
		{730D3E89-3876-4AD6-9E21-BEC2CD228177}.Ad-Hoc|x86.Build.0 = Release|x86
		{730D3E89-3876-4AD6-9E21-BEC2CD228177}.Ad-Hoc|x86.Deploy.0 = Release|x86
		{730D3E89-3876-4AD6-9E21-BEC2CD228177}.AppStore|Any CPU.ActiveCfg = Release|Any CPU
		{730D3E89-3876-4AD6-9E21-BEC2CD228177}.AppStore|Any CPU.Build.0 = Release|Any CPU
		{730D3E89-3876-4AD6-9E21-BEC2CD228177}.AppStore|Any CPU.Deploy.0 = Release|Any CPU
		{730D3E89-3876-4AD6-9E21-BEC2CD228177}.AppStore|ARM.ActiveCfg = Release|ARM
		{730D3E89-3876-4AD6-9E21-BEC2CD228177}.AppStore|ARM.Build.0 = Release|ARM
		{730D3E89-3876-4AD6-9E21-BEC2CD228177}.AppStore|ARM.Deploy.0 = Release|ARM
		{730D3E89-3876-4AD6-9E21-BEC2CD228177}.AppStore|iPhone.ActiveCfg = Release|Any CPU
		{730D3E89-3876-4AD6-9E21-BEC2CD228177}.AppStore|iPhone.Build.0 = Release|Any CPU
		{730D3E89-3876-4AD6-9E21-BEC2CD228177}.AppStore|iPhone.Deploy.0 = Release|Any CPU
		{730D3E89-3876-4AD6-9E21-BEC2CD228177}.AppStore|iPhoneSimulator.ActiveCfg = Release|Any CPU
		{730D3E89-3876-4AD6-9E21-BEC2CD228177}.AppStore|iPhoneSimulator.Build.0 = Release|Any CPU
		{730D3E89-3876-4AD6-9E21-BEC2CD228177}.AppStore|iPhoneSimulator.Deploy.0 = Release|Any CPU
		{730D3E89-3876-4AD6-9E21-BEC2CD228177}.AppStore|x64.ActiveCfg = Release|Any CPU
		{730D3E89-3876-4AD6-9E21-BEC2CD228177}.AppStore|x64.Build.0 = Release|Any CPU
		{730D3E89-3876-4AD6-9E21-BEC2CD228177}.AppStore|x64.Deploy.0 = Release|Any CPU
		{730D3E89-3876-4AD6-9E21-BEC2CD228177}.AppStore|x86.ActiveCfg = Release|x86
		{730D3E89-3876-4AD6-9E21-BEC2CD228177}.AppStore|x86.Build.0 = Release|x86
		{730D3E89-3876-4AD6-9E21-BEC2CD228177}.AppStore|x86.Deploy.0 = Release|x86
		{730D3E89-3876-4AD6-9E21-BEC2CD228177}.Debug|Any CPU.ActiveCfg = Debug|Any CPU
		{730D3E89-3876-4AD6-9E21-BEC2CD228177}.Debug|Any CPU.Build.0 = Debug|Any CPU
		{730D3E89-3876-4AD6-9E21-BEC2CD228177}.Debug|Any CPU.Deploy.0 = Debug|Any CPU
		{730D3E89-3876-4AD6-9E21-BEC2CD228177}.Debug|ARM.ActiveCfg = Debug|ARM
		{730D3E89-3876-4AD6-9E21-BEC2CD228177}.Debug|ARM.Build.0 = Debug|ARM
		{730D3E89-3876-4AD6-9E21-BEC2CD228177}.Debug|ARM.Deploy.0 = Debug|ARM
		{730D3E89-3876-4AD6-9E21-BEC2CD228177}.Debug|iPhone.ActiveCfg = Debug|Any CPU
		{730D3E89-3876-4AD6-9E21-BEC2CD228177}.Debug|iPhone.Build.0 = Debug|Any CPU
		{730D3E89-3876-4AD6-9E21-BEC2CD228177}.Debug|iPhone.Deploy.0 = Debug|Any CPU
		{730D3E89-3876-4AD6-9E21-BEC2CD228177}.Debug|iPhoneSimulator.ActiveCfg = Debug|Any CPU
		{730D3E89-3876-4AD6-9E21-BEC2CD228177}.Debug|iPhoneSimulator.Build.0 = Debug|Any CPU
		{730D3E89-3876-4AD6-9E21-BEC2CD228177}.Debug|iPhoneSimulator.Deploy.0 = Debug|Any CPU
		{730D3E89-3876-4AD6-9E21-BEC2CD228177}.Debug|x64.ActiveCfg = Debug|Any CPU
		{730D3E89-3876-4AD6-9E21-BEC2CD228177}.Debug|x64.Build.0 = Debug|Any CPU
		{730D3E89-3876-4AD6-9E21-BEC2CD228177}.Debug|x64.Deploy.0 = Debug|Any CPU
		{730D3E89-3876-4AD6-9E21-BEC2CD228177}.Debug|x86.ActiveCfg = Debug|x86
		{730D3E89-3876-4AD6-9E21-BEC2CD228177}.Debug|x86.Build.0 = Debug|x86
		{730D3E89-3876-4AD6-9E21-BEC2CD228177}.Debug|x86.Deploy.0 = Debug|x86
		{730D3E89-3876-4AD6-9E21-BEC2CD228177}.Release|Any CPU.ActiveCfg = Release|Any CPU
		{730D3E89-3876-4AD6-9E21-BEC2CD228177}.Release|Any CPU.Build.0 = Release|Any CPU
		{730D3E89-3876-4AD6-9E21-BEC2CD228177}.Release|Any CPU.Deploy.0 = Release|Any CPU
		{730D3E89-3876-4AD6-9E21-BEC2CD228177}.Release|ARM.ActiveCfg = Release|ARM
		{730D3E89-3876-4AD6-9E21-BEC2CD228177}.Release|ARM.Build.0 = Release|ARM
		{730D3E89-3876-4AD6-9E21-BEC2CD228177}.Release|ARM.Deploy.0 = Release|ARM
		{730D3E89-3876-4AD6-9E21-BEC2CD228177}.Release|iPhone.ActiveCfg = Release|Any CPU
		{730D3E89-3876-4AD6-9E21-BEC2CD228177}.Release|iPhone.Build.0 = Release|Any CPU
		{730D3E89-3876-4AD6-9E21-BEC2CD228177}.Release|iPhone.Deploy.0 = Release|Any CPU
		{730D3E89-3876-4AD6-9E21-BEC2CD228177}.Release|iPhoneSimulator.ActiveCfg = Release|Any CPU
		{730D3E89-3876-4AD6-9E21-BEC2CD228177}.Release|iPhoneSimulator.Build.0 = Release|Any CPU
		{730D3E89-3876-4AD6-9E21-BEC2CD228177}.Release|iPhoneSimulator.Deploy.0 = Release|Any CPU
		{730D3E89-3876-4AD6-9E21-BEC2CD228177}.Release|x64.ActiveCfg = Release|Any CPU
		{730D3E89-3876-4AD6-9E21-BEC2CD228177}.Release|x64.Build.0 = Release|Any CPU
		{730D3E89-3876-4AD6-9E21-BEC2CD228177}.Release|x64.Deploy.0 = Release|Any CPU
		{730D3E89-3876-4AD6-9E21-BEC2CD228177}.Release|x86.ActiveCfg = Release|x86
		{730D3E89-3876-4AD6-9E21-BEC2CD228177}.Release|x86.Build.0 = Release|x86
		{730D3E89-3876-4AD6-9E21-BEC2CD228177}.Release|x86.Deploy.0 = Release|x86
		{EBFB5A72-0899-41F6-97D4-D2CBA7FE329A}.Ad-Hoc|Any CPU.ActiveCfg = Release|x64
		{EBFB5A72-0899-41F6-97D4-D2CBA7FE329A}.Ad-Hoc|Any CPU.Build.0 = Release|x64
		{EBFB5A72-0899-41F6-97D4-D2CBA7FE329A}.Ad-Hoc|Any CPU.Deploy.0 = Release|x64
		{EBFB5A72-0899-41F6-97D4-D2CBA7FE329A}.Ad-Hoc|ARM.ActiveCfg = Release|ARM
		{EBFB5A72-0899-41F6-97D4-D2CBA7FE329A}.Ad-Hoc|ARM.Build.0 = Release|ARM
		{EBFB5A72-0899-41F6-97D4-D2CBA7FE329A}.Ad-Hoc|ARM.Deploy.0 = Release|ARM
		{EBFB5A72-0899-41F6-97D4-D2CBA7FE329A}.Ad-Hoc|iPhone.ActiveCfg = Release|x64
		{EBFB5A72-0899-41F6-97D4-D2CBA7FE329A}.Ad-Hoc|iPhone.Build.0 = Release|x64
		{EBFB5A72-0899-41F6-97D4-D2CBA7FE329A}.Ad-Hoc|iPhone.Deploy.0 = Release|x64
		{EBFB5A72-0899-41F6-97D4-D2CBA7FE329A}.Ad-Hoc|iPhoneSimulator.ActiveCfg = Release|x64
		{EBFB5A72-0899-41F6-97D4-D2CBA7FE329A}.Ad-Hoc|iPhoneSimulator.Build.0 = Release|x64
		{EBFB5A72-0899-41F6-97D4-D2CBA7FE329A}.Ad-Hoc|iPhoneSimulator.Deploy.0 = Release|x64
		{EBFB5A72-0899-41F6-97D4-D2CBA7FE329A}.Ad-Hoc|x64.ActiveCfg = Release|x64
		{EBFB5A72-0899-41F6-97D4-D2CBA7FE329A}.Ad-Hoc|x64.Build.0 = Release|x64
		{EBFB5A72-0899-41F6-97D4-D2CBA7FE329A}.Ad-Hoc|x64.Deploy.0 = Release|x64
		{EBFB5A72-0899-41F6-97D4-D2CBA7FE329A}.Ad-Hoc|x86.ActiveCfg = Release|x86
		{EBFB5A72-0899-41F6-97D4-D2CBA7FE329A}.Ad-Hoc|x86.Build.0 = Release|x86
		{EBFB5A72-0899-41F6-97D4-D2CBA7FE329A}.Ad-Hoc|x86.Deploy.0 = Release|x86
		{EBFB5A72-0899-41F6-97D4-D2CBA7FE329A}.AppStore|Any CPU.ActiveCfg = Release|x64
		{EBFB5A72-0899-41F6-97D4-D2CBA7FE329A}.AppStore|Any CPU.Build.0 = Release|x64
		{EBFB5A72-0899-41F6-97D4-D2CBA7FE329A}.AppStore|Any CPU.Deploy.0 = Release|x64
		{EBFB5A72-0899-41F6-97D4-D2CBA7FE329A}.AppStore|ARM.ActiveCfg = Release|ARM
		{EBFB5A72-0899-41F6-97D4-D2CBA7FE329A}.AppStore|ARM.Build.0 = Release|ARM
		{EBFB5A72-0899-41F6-97D4-D2CBA7FE329A}.AppStore|ARM.Deploy.0 = Release|ARM
		{EBFB5A72-0899-41F6-97D4-D2CBA7FE329A}.AppStore|iPhone.ActiveCfg = Release|x64
		{EBFB5A72-0899-41F6-97D4-D2CBA7FE329A}.AppStore|iPhone.Build.0 = Release|x64
		{EBFB5A72-0899-41F6-97D4-D2CBA7FE329A}.AppStore|iPhone.Deploy.0 = Release|x64
		{EBFB5A72-0899-41F6-97D4-D2CBA7FE329A}.AppStore|iPhoneSimulator.ActiveCfg = Release|x64
		{EBFB5A72-0899-41F6-97D4-D2CBA7FE329A}.AppStore|iPhoneSimulator.Build.0 = Release|x64
		{EBFB5A72-0899-41F6-97D4-D2CBA7FE329A}.AppStore|iPhoneSimulator.Deploy.0 = Release|x64
		{EBFB5A72-0899-41F6-97D4-D2CBA7FE329A}.AppStore|x64.ActiveCfg = Release|x64
		{EBFB5A72-0899-41F6-97D4-D2CBA7FE329A}.AppStore|x64.Build.0 = Release|x64
		{EBFB5A72-0899-41F6-97D4-D2CBA7FE329A}.AppStore|x64.Deploy.0 = Release|x64
		{EBFB5A72-0899-41F6-97D4-D2CBA7FE329A}.AppStore|x86.ActiveCfg = Release|x86
		{EBFB5A72-0899-41F6-97D4-D2CBA7FE329A}.AppStore|x86.Build.0 = Release|x86
		{EBFB5A72-0899-41F6-97D4-D2CBA7FE329A}.AppStore|x86.Deploy.0 = Release|x86
		{EBFB5A72-0899-41F6-97D4-D2CBA7FE329A}.Debug|Any CPU.ActiveCfg = Debug|x86
		{EBFB5A72-0899-41F6-97D4-D2CBA7FE329A}.Debug|ARM.ActiveCfg = Debug|ARM
		{EBFB5A72-0899-41F6-97D4-D2CBA7FE329A}.Debug|ARM.Build.0 = Debug|ARM
		{EBFB5A72-0899-41F6-97D4-D2CBA7FE329A}.Debug|ARM.Deploy.0 = Debug|ARM
		{EBFB5A72-0899-41F6-97D4-D2CBA7FE329A}.Debug|iPhone.ActiveCfg = Debug|x86
		{EBFB5A72-0899-41F6-97D4-D2CBA7FE329A}.Debug|iPhoneSimulator.ActiveCfg = Debug|x86
		{EBFB5A72-0899-41F6-97D4-D2CBA7FE329A}.Debug|x64.ActiveCfg = Debug|x64
		{EBFB5A72-0899-41F6-97D4-D2CBA7FE329A}.Debug|x64.Build.0 = Debug|x64
		{EBFB5A72-0899-41F6-97D4-D2CBA7FE329A}.Debug|x64.Deploy.0 = Debug|x64
		{EBFB5A72-0899-41F6-97D4-D2CBA7FE329A}.Debug|x86.ActiveCfg = Debug|x86
		{EBFB5A72-0899-41F6-97D4-D2CBA7FE329A}.Debug|x86.Build.0 = Debug|x86
		{EBFB5A72-0899-41F6-97D4-D2CBA7FE329A}.Debug|x86.Deploy.0 = Debug|x86
		{EBFB5A72-0899-41F6-97D4-D2CBA7FE329A}.Release|Any CPU.ActiveCfg = Release|x86
		{EBFB5A72-0899-41F6-97D4-D2CBA7FE329A}.Release|ARM.ActiveCfg = Release|ARM
		{EBFB5A72-0899-41F6-97D4-D2CBA7FE329A}.Release|ARM.Build.0 = Release|ARM
		{EBFB5A72-0899-41F6-97D4-D2CBA7FE329A}.Release|ARM.Deploy.0 = Release|ARM
		{EBFB5A72-0899-41F6-97D4-D2CBA7FE329A}.Release|iPhone.ActiveCfg = Release|x86
		{EBFB5A72-0899-41F6-97D4-D2CBA7FE329A}.Release|iPhoneSimulator.ActiveCfg = Release|x86
		{EBFB5A72-0899-41F6-97D4-D2CBA7FE329A}.Release|x64.ActiveCfg = Release|x64
		{EBFB5A72-0899-41F6-97D4-D2CBA7FE329A}.Release|x64.Build.0 = Release|x64
		{EBFB5A72-0899-41F6-97D4-D2CBA7FE329A}.Release|x64.Deploy.0 = Release|x64
		{EBFB5A72-0899-41F6-97D4-D2CBA7FE329A}.Release|x86.ActiveCfg = Release|x86
		{EBFB5A72-0899-41F6-97D4-D2CBA7FE329A}.Release|x86.Build.0 = Release|x86
		{EBFB5A72-0899-41F6-97D4-D2CBA7FE329A}.Release|x86.Deploy.0 = Release|x86
		{A0985243-6D60-466A-9FB5-8071489B75F1}.Ad-Hoc|Any CPU.ActiveCfg = Release|Any CPU
		{A0985243-6D60-466A-9FB5-8071489B75F1}.Ad-Hoc|Any CPU.Build.0 = Release|Any CPU
		{A0985243-6D60-466A-9FB5-8071489B75F1}.Ad-Hoc|Any CPU.Deploy.0 = Release|Any CPU
		{A0985243-6D60-466A-9FB5-8071489B75F1}.Ad-Hoc|ARM.ActiveCfg = Release|Any CPU
		{A0985243-6D60-466A-9FB5-8071489B75F1}.Ad-Hoc|ARM.Build.0 = Release|Any CPU
		{A0985243-6D60-466A-9FB5-8071489B75F1}.Ad-Hoc|ARM.Deploy.0 = Release|Any CPU
		{A0985243-6D60-466A-9FB5-8071489B75F1}.Ad-Hoc|iPhone.ActiveCfg = Release|Any CPU
		{A0985243-6D60-466A-9FB5-8071489B75F1}.Ad-Hoc|iPhone.Build.0 = Release|Any CPU
		{A0985243-6D60-466A-9FB5-8071489B75F1}.Ad-Hoc|iPhone.Deploy.0 = Release|Any CPU
		{A0985243-6D60-466A-9FB5-8071489B75F1}.Ad-Hoc|iPhoneSimulator.ActiveCfg = Release|Any CPU
		{A0985243-6D60-466A-9FB5-8071489B75F1}.Ad-Hoc|iPhoneSimulator.Build.0 = Release|Any CPU
		{A0985243-6D60-466A-9FB5-8071489B75F1}.Ad-Hoc|iPhoneSimulator.Deploy.0 = Release|Any CPU
		{A0985243-6D60-466A-9FB5-8071489B75F1}.Ad-Hoc|x64.ActiveCfg = Release|Any CPU
		{A0985243-6D60-466A-9FB5-8071489B75F1}.Ad-Hoc|x64.Build.0 = Release|Any CPU
		{A0985243-6D60-466A-9FB5-8071489B75F1}.Ad-Hoc|x64.Deploy.0 = Release|Any CPU
		{A0985243-6D60-466A-9FB5-8071489B75F1}.Ad-Hoc|x86.ActiveCfg = Release|Any CPU
		{A0985243-6D60-466A-9FB5-8071489B75F1}.Ad-Hoc|x86.Build.0 = Release|Any CPU
		{A0985243-6D60-466A-9FB5-8071489B75F1}.Ad-Hoc|x86.Deploy.0 = Release|Any CPU
		{A0985243-6D60-466A-9FB5-8071489B75F1}.AppStore|Any CPU.ActiveCfg = Release|Any CPU
		{A0985243-6D60-466A-9FB5-8071489B75F1}.AppStore|Any CPU.Build.0 = Release|Any CPU
		{A0985243-6D60-466A-9FB5-8071489B75F1}.AppStore|Any CPU.Deploy.0 = Release|Any CPU
		{A0985243-6D60-466A-9FB5-8071489B75F1}.AppStore|ARM.ActiveCfg = Release|Any CPU
		{A0985243-6D60-466A-9FB5-8071489B75F1}.AppStore|ARM.Build.0 = Release|Any CPU
		{A0985243-6D60-466A-9FB5-8071489B75F1}.AppStore|ARM.Deploy.0 = Release|Any CPU
		{A0985243-6D60-466A-9FB5-8071489B75F1}.AppStore|iPhone.ActiveCfg = Release|Any CPU
		{A0985243-6D60-466A-9FB5-8071489B75F1}.AppStore|iPhone.Build.0 = Release|Any CPU
		{A0985243-6D60-466A-9FB5-8071489B75F1}.AppStore|iPhone.Deploy.0 = Release|Any CPU
		{A0985243-6D60-466A-9FB5-8071489B75F1}.AppStore|iPhoneSimulator.ActiveCfg = Release|Any CPU
		{A0985243-6D60-466A-9FB5-8071489B75F1}.AppStore|iPhoneSimulator.Build.0 = Release|Any CPU
		{A0985243-6D60-466A-9FB5-8071489B75F1}.AppStore|iPhoneSimulator.Deploy.0 = Release|Any CPU
		{A0985243-6D60-466A-9FB5-8071489B75F1}.AppStore|x64.ActiveCfg = Release|Any CPU
		{A0985243-6D60-466A-9FB5-8071489B75F1}.AppStore|x64.Build.0 = Release|Any CPU
		{A0985243-6D60-466A-9FB5-8071489B75F1}.AppStore|x64.Deploy.0 = Release|Any CPU
		{A0985243-6D60-466A-9FB5-8071489B75F1}.AppStore|x86.ActiveCfg = Release|Any CPU
		{A0985243-6D60-466A-9FB5-8071489B75F1}.AppStore|x86.Build.0 = Release|Any CPU
		{A0985243-6D60-466A-9FB5-8071489B75F1}.AppStore|x86.Deploy.0 = Release|Any CPU
		{A0985243-6D60-466A-9FB5-8071489B75F1}.Debug|Any CPU.ActiveCfg = Debug|Any CPU
		{A0985243-6D60-466A-9FB5-8071489B75F1}.Debug|Any CPU.Build.0 = Debug|Any CPU
		{A0985243-6D60-466A-9FB5-8071489B75F1}.Debug|Any CPU.Deploy.0 = Debug|Any CPU
		{A0985243-6D60-466A-9FB5-8071489B75F1}.Debug|ARM.ActiveCfg = Debug|Any CPU
		{A0985243-6D60-466A-9FB5-8071489B75F1}.Debug|ARM.Build.0 = Debug|Any CPU
		{A0985243-6D60-466A-9FB5-8071489B75F1}.Debug|ARM.Deploy.0 = Debug|Any CPU
		{A0985243-6D60-466A-9FB5-8071489B75F1}.Debug|iPhone.ActiveCfg = Debug|Any CPU
		{A0985243-6D60-466A-9FB5-8071489B75F1}.Debug|iPhone.Build.0 = Debug|Any CPU
		{A0985243-6D60-466A-9FB5-8071489B75F1}.Debug|iPhone.Deploy.0 = Debug|Any CPU
		{A0985243-6D60-466A-9FB5-8071489B75F1}.Debug|iPhoneSimulator.ActiveCfg = Debug|Any CPU
		{A0985243-6D60-466A-9FB5-8071489B75F1}.Debug|iPhoneSimulator.Build.0 = Debug|Any CPU
		{A0985243-6D60-466A-9FB5-8071489B75F1}.Debug|iPhoneSimulator.Deploy.0 = Debug|Any CPU
		{A0985243-6D60-466A-9FB5-8071489B75F1}.Debug|x64.ActiveCfg = Debug|Any CPU
		{A0985243-6D60-466A-9FB5-8071489B75F1}.Debug|x64.Build.0 = Debug|Any CPU
		{A0985243-6D60-466A-9FB5-8071489B75F1}.Debug|x64.Deploy.0 = Debug|Any CPU
		{A0985243-6D60-466A-9FB5-8071489B75F1}.Debug|x86.ActiveCfg = Debug|Any CPU
		{A0985243-6D60-466A-9FB5-8071489B75F1}.Debug|x86.Build.0 = Debug|Any CPU
		{A0985243-6D60-466A-9FB5-8071489B75F1}.Debug|x86.Deploy.0 = Debug|Any CPU
		{A0985243-6D60-466A-9FB5-8071489B75F1}.Release|Any CPU.ActiveCfg = Release|Any CPU
		{A0985243-6D60-466A-9FB5-8071489B75F1}.Release|Any CPU.Build.0 = Release|Any CPU
		{A0985243-6D60-466A-9FB5-8071489B75F1}.Release|Any CPU.Deploy.0 = Release|Any CPU
		{A0985243-6D60-466A-9FB5-8071489B75F1}.Release|ARM.ActiveCfg = Release|Any CPU
		{A0985243-6D60-466A-9FB5-8071489B75F1}.Release|ARM.Build.0 = Release|Any CPU
		{A0985243-6D60-466A-9FB5-8071489B75F1}.Release|ARM.Deploy.0 = Release|Any CPU
		{A0985243-6D60-466A-9FB5-8071489B75F1}.Release|iPhone.ActiveCfg = Release|Any CPU
		{A0985243-6D60-466A-9FB5-8071489B75F1}.Release|iPhone.Build.0 = Release|Any CPU
		{A0985243-6D60-466A-9FB5-8071489B75F1}.Release|iPhone.Deploy.0 = Release|Any CPU
		{A0985243-6D60-466A-9FB5-8071489B75F1}.Release|iPhoneSimulator.ActiveCfg = Release|Any CPU
		{A0985243-6D60-466A-9FB5-8071489B75F1}.Release|iPhoneSimulator.Build.0 = Release|Any CPU
		{A0985243-6D60-466A-9FB5-8071489B75F1}.Release|iPhoneSimulator.Deploy.0 = Release|Any CPU
		{A0985243-6D60-466A-9FB5-8071489B75F1}.Release|x64.ActiveCfg = Release|Any CPU
		{A0985243-6D60-466A-9FB5-8071489B75F1}.Release|x64.Build.0 = Release|Any CPU
		{A0985243-6D60-466A-9FB5-8071489B75F1}.Release|x64.Deploy.0 = Release|Any CPU
		{A0985243-6D60-466A-9FB5-8071489B75F1}.Release|x86.ActiveCfg = Release|Any CPU
		{A0985243-6D60-466A-9FB5-8071489B75F1}.Release|x86.Build.0 = Release|Any CPU
		{A0985243-6D60-466A-9FB5-8071489B75F1}.Release|x86.Deploy.0 = Release|Any CPU
		{745AC153-A2E6-40D8-B35C-D67AB0368420}.Ad-Hoc|Any CPU.ActiveCfg = Release|Any CPU
		{745AC153-A2E6-40D8-B35C-D67AB0368420}.Ad-Hoc|Any CPU.Build.0 = Release|Any CPU
		{745AC153-A2E6-40D8-B35C-D67AB0368420}.Ad-Hoc|Any CPU.Deploy.0 = Release|Any CPU
		{745AC153-A2E6-40D8-B35C-D67AB0368420}.Ad-Hoc|ARM.ActiveCfg = Release|Any CPU
		{745AC153-A2E6-40D8-B35C-D67AB0368420}.Ad-Hoc|ARM.Build.0 = Release|Any CPU
		{745AC153-A2E6-40D8-B35C-D67AB0368420}.Ad-Hoc|ARM.Deploy.0 = Release|Any CPU
		{745AC153-A2E6-40D8-B35C-D67AB0368420}.Ad-Hoc|iPhone.ActiveCfg = Release|Any CPU
		{745AC153-A2E6-40D8-B35C-D67AB0368420}.Ad-Hoc|iPhone.Build.0 = Release|Any CPU
		{745AC153-A2E6-40D8-B35C-D67AB0368420}.Ad-Hoc|iPhone.Deploy.0 = Release|Any CPU
		{745AC153-A2E6-40D8-B35C-D67AB0368420}.Ad-Hoc|iPhoneSimulator.ActiveCfg = Release|Any CPU
		{745AC153-A2E6-40D8-B35C-D67AB0368420}.Ad-Hoc|iPhoneSimulator.Build.0 = Release|Any CPU
		{745AC153-A2E6-40D8-B35C-D67AB0368420}.Ad-Hoc|iPhoneSimulator.Deploy.0 = Release|Any CPU
		{745AC153-A2E6-40D8-B35C-D67AB0368420}.Ad-Hoc|x64.ActiveCfg = Release|Any CPU
		{745AC153-A2E6-40D8-B35C-D67AB0368420}.Ad-Hoc|x64.Build.0 = Release|Any CPU
		{745AC153-A2E6-40D8-B35C-D67AB0368420}.Ad-Hoc|x64.Deploy.0 = Release|Any CPU
		{745AC153-A2E6-40D8-B35C-D67AB0368420}.Ad-Hoc|x86.ActiveCfg = Release|Any CPU
		{745AC153-A2E6-40D8-B35C-D67AB0368420}.Ad-Hoc|x86.Build.0 = Release|Any CPU
		{745AC153-A2E6-40D8-B35C-D67AB0368420}.Ad-Hoc|x86.Deploy.0 = Release|Any CPU
		{745AC153-A2E6-40D8-B35C-D67AB0368420}.AppStore|Any CPU.ActiveCfg = Release|Any CPU
		{745AC153-A2E6-40D8-B35C-D67AB0368420}.AppStore|Any CPU.Build.0 = Release|Any CPU
		{745AC153-A2E6-40D8-B35C-D67AB0368420}.AppStore|Any CPU.Deploy.0 = Release|Any CPU
		{745AC153-A2E6-40D8-B35C-D67AB0368420}.AppStore|ARM.ActiveCfg = Release|Any CPU
		{745AC153-A2E6-40D8-B35C-D67AB0368420}.AppStore|ARM.Build.0 = Release|Any CPU
		{745AC153-A2E6-40D8-B35C-D67AB0368420}.AppStore|ARM.Deploy.0 = Release|Any CPU
		{745AC153-A2E6-40D8-B35C-D67AB0368420}.AppStore|iPhone.ActiveCfg = Release|Any CPU
		{745AC153-A2E6-40D8-B35C-D67AB0368420}.AppStore|iPhone.Build.0 = Release|Any CPU
		{745AC153-A2E6-40D8-B35C-D67AB0368420}.AppStore|iPhone.Deploy.0 = Release|Any CPU
		{745AC153-A2E6-40D8-B35C-D67AB0368420}.AppStore|iPhoneSimulator.ActiveCfg = Release|Any CPU
		{745AC153-A2E6-40D8-B35C-D67AB0368420}.AppStore|iPhoneSimulator.Build.0 = Release|Any CPU
		{745AC153-A2E6-40D8-B35C-D67AB0368420}.AppStore|iPhoneSimulator.Deploy.0 = Release|Any CPU
		{745AC153-A2E6-40D8-B35C-D67AB0368420}.AppStore|x64.ActiveCfg = Release|Any CPU
		{745AC153-A2E6-40D8-B35C-D67AB0368420}.AppStore|x64.Build.0 = Release|Any CPU
		{745AC153-A2E6-40D8-B35C-D67AB0368420}.AppStore|x64.Deploy.0 = Release|Any CPU
		{745AC153-A2E6-40D8-B35C-D67AB0368420}.AppStore|x86.ActiveCfg = Release|Any CPU
		{745AC153-A2E6-40D8-B35C-D67AB0368420}.AppStore|x86.Build.0 = Release|Any CPU
		{745AC153-A2E6-40D8-B35C-D67AB0368420}.AppStore|x86.Deploy.0 = Release|Any CPU
		{745AC153-A2E6-40D8-B35C-D67AB0368420}.Debug|Any CPU.ActiveCfg = Debug|Any CPU
		{745AC153-A2E6-40D8-B35C-D67AB0368420}.Debug|Any CPU.Build.0 = Debug|Any CPU
		{745AC153-A2E6-40D8-B35C-D67AB0368420}.Debug|Any CPU.Deploy.0 = Debug|Any CPU
		{745AC153-A2E6-40D8-B35C-D67AB0368420}.Debug|ARM.ActiveCfg = Debug|Any CPU
		{745AC153-A2E6-40D8-B35C-D67AB0368420}.Debug|ARM.Build.0 = Debug|Any CPU
		{745AC153-A2E6-40D8-B35C-D67AB0368420}.Debug|ARM.Deploy.0 = Debug|Any CPU
		{745AC153-A2E6-40D8-B35C-D67AB0368420}.Debug|iPhone.ActiveCfg = Debug|Any CPU
		{745AC153-A2E6-40D8-B35C-D67AB0368420}.Debug|iPhone.Build.0 = Debug|Any CPU
		{745AC153-A2E6-40D8-B35C-D67AB0368420}.Debug|iPhone.Deploy.0 = Debug|Any CPU
		{745AC153-A2E6-40D8-B35C-D67AB0368420}.Debug|iPhoneSimulator.ActiveCfg = Debug|Any CPU
		{745AC153-A2E6-40D8-B35C-D67AB0368420}.Debug|iPhoneSimulator.Build.0 = Debug|Any CPU
		{745AC153-A2E6-40D8-B35C-D67AB0368420}.Debug|iPhoneSimulator.Deploy.0 = Debug|Any CPU
		{745AC153-A2E6-40D8-B35C-D67AB0368420}.Debug|x64.ActiveCfg = Debug|Any CPU
		{745AC153-A2E6-40D8-B35C-D67AB0368420}.Debug|x64.Build.0 = Debug|Any CPU
		{745AC153-A2E6-40D8-B35C-D67AB0368420}.Debug|x64.Deploy.0 = Debug|Any CPU
		{745AC153-A2E6-40D8-B35C-D67AB0368420}.Debug|x86.ActiveCfg = Debug|Any CPU
		{745AC153-A2E6-40D8-B35C-D67AB0368420}.Debug|x86.Build.0 = Debug|Any CPU
		{745AC153-A2E6-40D8-B35C-D67AB0368420}.Debug|x86.Deploy.0 = Debug|Any CPU
		{745AC153-A2E6-40D8-B35C-D67AB0368420}.Release|Any CPU.ActiveCfg = Release|Any CPU
		{745AC153-A2E6-40D8-B35C-D67AB0368420}.Release|Any CPU.Build.0 = Release|Any CPU
		{745AC153-A2E6-40D8-B35C-D67AB0368420}.Release|Any CPU.Deploy.0 = Release|Any CPU
		{745AC153-A2E6-40D8-B35C-D67AB0368420}.Release|ARM.ActiveCfg = Release|Any CPU
		{745AC153-A2E6-40D8-B35C-D67AB0368420}.Release|ARM.Build.0 = Release|Any CPU
		{745AC153-A2E6-40D8-B35C-D67AB0368420}.Release|ARM.Deploy.0 = Release|Any CPU
		{745AC153-A2E6-40D8-B35C-D67AB0368420}.Release|iPhone.ActiveCfg = Release|Any CPU
		{745AC153-A2E6-40D8-B35C-D67AB0368420}.Release|iPhone.Build.0 = Release|Any CPU
		{745AC153-A2E6-40D8-B35C-D67AB0368420}.Release|iPhone.Deploy.0 = Release|Any CPU
		{745AC153-A2E6-40D8-B35C-D67AB0368420}.Release|iPhoneSimulator.ActiveCfg = Release|Any CPU
		{745AC153-A2E6-40D8-B35C-D67AB0368420}.Release|iPhoneSimulator.Build.0 = Release|Any CPU
		{745AC153-A2E6-40D8-B35C-D67AB0368420}.Release|iPhoneSimulator.Deploy.0 = Release|Any CPU
		{745AC153-A2E6-40D8-B35C-D67AB0368420}.Release|x64.ActiveCfg = Release|Any CPU
		{745AC153-A2E6-40D8-B35C-D67AB0368420}.Release|x64.Build.0 = Release|Any CPU
		{745AC153-A2E6-40D8-B35C-D67AB0368420}.Release|x64.Deploy.0 = Release|Any CPU
		{745AC153-A2E6-40D8-B35C-D67AB0368420}.Release|x86.ActiveCfg = Release|Any CPU
		{745AC153-A2E6-40D8-B35C-D67AB0368420}.Release|x86.Build.0 = Release|Any CPU
		{745AC153-A2E6-40D8-B35C-D67AB0368420}.Release|x86.Deploy.0 = Release|Any CPU
		{C7819D3E-A66A-4E85-AB68-E7829F3DABCD}.Ad-Hoc|Any CPU.ActiveCfg = Ad-Hoc|iPhone
		{C7819D3E-A66A-4E85-AB68-E7829F3DABCD}.Ad-Hoc|ARM.ActiveCfg = Ad-Hoc|iPhone
		{C7819D3E-A66A-4E85-AB68-E7829F3DABCD}.Ad-Hoc|iPhone.ActiveCfg = Ad-Hoc|iPhone
		{C7819D3E-A66A-4E85-AB68-E7829F3DABCD}.Ad-Hoc|iPhone.Build.0 = Ad-Hoc|iPhone
		{C7819D3E-A66A-4E85-AB68-E7829F3DABCD}.Ad-Hoc|iPhoneSimulator.ActiveCfg = Ad-Hoc|iPhoneSimulator
		{C7819D3E-A66A-4E85-AB68-E7829F3DABCD}.Ad-Hoc|iPhoneSimulator.Build.0 = Ad-Hoc|iPhoneSimulator
		{C7819D3E-A66A-4E85-AB68-E7829F3DABCD}.Ad-Hoc|x64.ActiveCfg = Ad-Hoc|iPhone
		{C7819D3E-A66A-4E85-AB68-E7829F3DABCD}.Ad-Hoc|x86.ActiveCfg = Ad-Hoc|iPhone
		{C7819D3E-A66A-4E85-AB68-E7829F3DABCD}.AppStore|Any CPU.ActiveCfg = AppStore|iPhone
		{C7819D3E-A66A-4E85-AB68-E7829F3DABCD}.AppStore|ARM.ActiveCfg = AppStore|iPhone
		{C7819D3E-A66A-4E85-AB68-E7829F3DABCD}.AppStore|iPhone.ActiveCfg = AppStore|iPhone
		{C7819D3E-A66A-4E85-AB68-E7829F3DABCD}.AppStore|iPhone.Build.0 = AppStore|iPhone
		{C7819D3E-A66A-4E85-AB68-E7829F3DABCD}.AppStore|iPhoneSimulator.ActiveCfg = AppStore|iPhoneSimulator
		{C7819D3E-A66A-4E85-AB68-E7829F3DABCD}.AppStore|iPhoneSimulator.Build.0 = AppStore|iPhoneSimulator
		{C7819D3E-A66A-4E85-AB68-E7829F3DABCD}.AppStore|x64.ActiveCfg = AppStore|iPhone
		{C7819D3E-A66A-4E85-AB68-E7829F3DABCD}.AppStore|x86.ActiveCfg = AppStore|iPhone
		{C7819D3E-A66A-4E85-AB68-E7829F3DABCD}.Debug|Any CPU.ActiveCfg = Debug|iPhone
		{C7819D3E-A66A-4E85-AB68-E7829F3DABCD}.Debug|ARM.ActiveCfg = Debug|iPhone
		{C7819D3E-A66A-4E85-AB68-E7829F3DABCD}.Debug|iPhone.ActiveCfg = Debug|iPhone
		{C7819D3E-A66A-4E85-AB68-E7829F3DABCD}.Debug|iPhone.Build.0 = Debug|iPhone
		{C7819D3E-A66A-4E85-AB68-E7829F3DABCD}.Debug|iPhoneSimulator.ActiveCfg = Debug|iPhoneSimulator
		{C7819D3E-A66A-4E85-AB68-E7829F3DABCD}.Debug|iPhoneSimulator.Build.0 = Debug|iPhoneSimulator
		{C7819D3E-A66A-4E85-AB68-E7829F3DABCD}.Debug|x64.ActiveCfg = Debug|iPhone
		{C7819D3E-A66A-4E85-AB68-E7829F3DABCD}.Debug|x86.ActiveCfg = Debug|iPhone
		{C7819D3E-A66A-4E85-AB68-E7829F3DABCD}.Release|Any CPU.ActiveCfg = Release|iPhone
		{C7819D3E-A66A-4E85-AB68-E7829F3DABCD}.Release|ARM.ActiveCfg = Release|iPhone
		{C7819D3E-A66A-4E85-AB68-E7829F3DABCD}.Release|iPhone.ActiveCfg = Release|iPhone
		{C7819D3E-A66A-4E85-AB68-E7829F3DABCD}.Release|iPhone.Build.0 = Release|iPhone
		{C7819D3E-A66A-4E85-AB68-E7829F3DABCD}.Release|iPhoneSimulator.ActiveCfg = Release|iPhoneSimulator
		{C7819D3E-A66A-4E85-AB68-E7829F3DABCD}.Release|iPhoneSimulator.Build.0 = Release|iPhoneSimulator
		{C7819D3E-A66A-4E85-AB68-E7829F3DABCD}.Release|x64.ActiveCfg = Release|iPhone
		{C7819D3E-A66A-4E85-AB68-E7829F3DABCD}.Release|x86.ActiveCfg = Release|iPhone
		{DCAE8696-214B-48BD-ACCD-16B0F9F0CA8A}.Ad-Hoc|Any CPU.ActiveCfg = Release|Any CPU
		{DCAE8696-214B-48BD-ACCD-16B0F9F0CA8A}.Ad-Hoc|Any CPU.Build.0 = Release|Any CPU
		{DCAE8696-214B-48BD-ACCD-16B0F9F0CA8A}.Ad-Hoc|Any CPU.Deploy.0 = Release|Any CPU
		{DCAE8696-214B-48BD-ACCD-16B0F9F0CA8A}.Ad-Hoc|ARM.ActiveCfg = Release|ARM
		{DCAE8696-214B-48BD-ACCD-16B0F9F0CA8A}.Ad-Hoc|ARM.Build.0 = Release|ARM
		{DCAE8696-214B-48BD-ACCD-16B0F9F0CA8A}.Ad-Hoc|ARM.Deploy.0 = Release|ARM
		{DCAE8696-214B-48BD-ACCD-16B0F9F0CA8A}.Ad-Hoc|iPhone.ActiveCfg = Release|Any CPU
		{DCAE8696-214B-48BD-ACCD-16B0F9F0CA8A}.Ad-Hoc|iPhone.Build.0 = Release|Any CPU
		{DCAE8696-214B-48BD-ACCD-16B0F9F0CA8A}.Ad-Hoc|iPhone.Deploy.0 = Release|Any CPU
		{DCAE8696-214B-48BD-ACCD-16B0F9F0CA8A}.Ad-Hoc|iPhoneSimulator.ActiveCfg = Release|Any CPU
		{DCAE8696-214B-48BD-ACCD-16B0F9F0CA8A}.Ad-Hoc|iPhoneSimulator.Build.0 = Release|Any CPU
		{DCAE8696-214B-48BD-ACCD-16B0F9F0CA8A}.Ad-Hoc|iPhoneSimulator.Deploy.0 = Release|Any CPU
		{DCAE8696-214B-48BD-ACCD-16B0F9F0CA8A}.Ad-Hoc|x64.ActiveCfg = Release|Any CPU
		{DCAE8696-214B-48BD-ACCD-16B0F9F0CA8A}.Ad-Hoc|x64.Build.0 = Release|Any CPU
		{DCAE8696-214B-48BD-ACCD-16B0F9F0CA8A}.Ad-Hoc|x64.Deploy.0 = Release|Any CPU
		{DCAE8696-214B-48BD-ACCD-16B0F9F0CA8A}.Ad-Hoc|x86.ActiveCfg = Release|x86
		{DCAE8696-214B-48BD-ACCD-16B0F9F0CA8A}.Ad-Hoc|x86.Build.0 = Release|x86
		{DCAE8696-214B-48BD-ACCD-16B0F9F0CA8A}.Ad-Hoc|x86.Deploy.0 = Release|x86
		{DCAE8696-214B-48BD-ACCD-16B0F9F0CA8A}.AppStore|Any CPU.ActiveCfg = Release|Any CPU
		{DCAE8696-214B-48BD-ACCD-16B0F9F0CA8A}.AppStore|Any CPU.Build.0 = Release|Any CPU
		{DCAE8696-214B-48BD-ACCD-16B0F9F0CA8A}.AppStore|Any CPU.Deploy.0 = Release|Any CPU
		{DCAE8696-214B-48BD-ACCD-16B0F9F0CA8A}.AppStore|ARM.ActiveCfg = Release|ARM
		{DCAE8696-214B-48BD-ACCD-16B0F9F0CA8A}.AppStore|ARM.Build.0 = Release|ARM
		{DCAE8696-214B-48BD-ACCD-16B0F9F0CA8A}.AppStore|ARM.Deploy.0 = Release|ARM
		{DCAE8696-214B-48BD-ACCD-16B0F9F0CA8A}.AppStore|iPhone.ActiveCfg = Release|Any CPU
		{DCAE8696-214B-48BD-ACCD-16B0F9F0CA8A}.AppStore|iPhone.Build.0 = Release|Any CPU
		{DCAE8696-214B-48BD-ACCD-16B0F9F0CA8A}.AppStore|iPhone.Deploy.0 = Release|Any CPU
		{DCAE8696-214B-48BD-ACCD-16B0F9F0CA8A}.AppStore|iPhoneSimulator.ActiveCfg = Release|Any CPU
		{DCAE8696-214B-48BD-ACCD-16B0F9F0CA8A}.AppStore|iPhoneSimulator.Build.0 = Release|Any CPU
		{DCAE8696-214B-48BD-ACCD-16B0F9F0CA8A}.AppStore|iPhoneSimulator.Deploy.0 = Release|Any CPU
		{DCAE8696-214B-48BD-ACCD-16B0F9F0CA8A}.AppStore|x64.ActiveCfg = Release|Any CPU
		{DCAE8696-214B-48BD-ACCD-16B0F9F0CA8A}.AppStore|x64.Build.0 = Release|Any CPU
		{DCAE8696-214B-48BD-ACCD-16B0F9F0CA8A}.AppStore|x64.Deploy.0 = Release|Any CPU
		{DCAE8696-214B-48BD-ACCD-16B0F9F0CA8A}.AppStore|x86.ActiveCfg = Release|x86
		{DCAE8696-214B-48BD-ACCD-16B0F9F0CA8A}.AppStore|x86.Build.0 = Release|x86
		{DCAE8696-214B-48BD-ACCD-16B0F9F0CA8A}.AppStore|x86.Deploy.0 = Release|x86
		{DCAE8696-214B-48BD-ACCD-16B0F9F0CA8A}.Debug|Any CPU.ActiveCfg = Debug|Any CPU
		{DCAE8696-214B-48BD-ACCD-16B0F9F0CA8A}.Debug|Any CPU.Build.0 = Debug|Any CPU
		{DCAE8696-214B-48BD-ACCD-16B0F9F0CA8A}.Debug|Any CPU.Deploy.0 = Debug|Any CPU
		{DCAE8696-214B-48BD-ACCD-16B0F9F0CA8A}.Debug|ARM.ActiveCfg = Debug|ARM
		{DCAE8696-214B-48BD-ACCD-16B0F9F0CA8A}.Debug|ARM.Build.0 = Debug|ARM
		{DCAE8696-214B-48BD-ACCD-16B0F9F0CA8A}.Debug|ARM.Deploy.0 = Debug|ARM
		{DCAE8696-214B-48BD-ACCD-16B0F9F0CA8A}.Debug|iPhone.ActiveCfg = Debug|Any CPU
		{DCAE8696-214B-48BD-ACCD-16B0F9F0CA8A}.Debug|iPhone.Build.0 = Debug|Any CPU
		{DCAE8696-214B-48BD-ACCD-16B0F9F0CA8A}.Debug|iPhone.Deploy.0 = Debug|Any CPU
		{DCAE8696-214B-48BD-ACCD-16B0F9F0CA8A}.Debug|iPhoneSimulator.ActiveCfg = Debug|Any CPU
		{DCAE8696-214B-48BD-ACCD-16B0F9F0CA8A}.Debug|iPhoneSimulator.Build.0 = Debug|Any CPU
		{DCAE8696-214B-48BD-ACCD-16B0F9F0CA8A}.Debug|iPhoneSimulator.Deploy.0 = Debug|Any CPU
		{DCAE8696-214B-48BD-ACCD-16B0F9F0CA8A}.Debug|x64.ActiveCfg = Debug|Any CPU
		{DCAE8696-214B-48BD-ACCD-16B0F9F0CA8A}.Debug|x64.Build.0 = Debug|Any CPU
		{DCAE8696-214B-48BD-ACCD-16B0F9F0CA8A}.Debug|x64.Deploy.0 = Debug|Any CPU
		{DCAE8696-214B-48BD-ACCD-16B0F9F0CA8A}.Debug|x86.ActiveCfg = Debug|x86
		{DCAE8696-214B-48BD-ACCD-16B0F9F0CA8A}.Debug|x86.Build.0 = Debug|x86
		{DCAE8696-214B-48BD-ACCD-16B0F9F0CA8A}.Debug|x86.Deploy.0 = Debug|x86
		{DCAE8696-214B-48BD-ACCD-16B0F9F0CA8A}.Release|Any CPU.ActiveCfg = Release|Any CPU
		{DCAE8696-214B-48BD-ACCD-16B0F9F0CA8A}.Release|Any CPU.Build.0 = Release|Any CPU
		{DCAE8696-214B-48BD-ACCD-16B0F9F0CA8A}.Release|Any CPU.Deploy.0 = Release|Any CPU
		{DCAE8696-214B-48BD-ACCD-16B0F9F0CA8A}.Release|ARM.ActiveCfg = Release|ARM
		{DCAE8696-214B-48BD-ACCD-16B0F9F0CA8A}.Release|ARM.Build.0 = Release|ARM
		{DCAE8696-214B-48BD-ACCD-16B0F9F0CA8A}.Release|ARM.Deploy.0 = Release|ARM
		{DCAE8696-214B-48BD-ACCD-16B0F9F0CA8A}.Release|iPhone.ActiveCfg = Release|Any CPU
		{DCAE8696-214B-48BD-ACCD-16B0F9F0CA8A}.Release|iPhone.Build.0 = Release|Any CPU
		{DCAE8696-214B-48BD-ACCD-16B0F9F0CA8A}.Release|iPhone.Deploy.0 = Release|Any CPU
		{DCAE8696-214B-48BD-ACCD-16B0F9F0CA8A}.Release|iPhoneSimulator.ActiveCfg = Release|Any CPU
		{DCAE8696-214B-48BD-ACCD-16B0F9F0CA8A}.Release|iPhoneSimulator.Build.0 = Release|Any CPU
		{DCAE8696-214B-48BD-ACCD-16B0F9F0CA8A}.Release|iPhoneSimulator.Deploy.0 = Release|Any CPU
		{DCAE8696-214B-48BD-ACCD-16B0F9F0CA8A}.Release|x64.ActiveCfg = Release|Any CPU
		{DCAE8696-214B-48BD-ACCD-16B0F9F0CA8A}.Release|x64.Build.0 = Release|Any CPU
		{DCAE8696-214B-48BD-ACCD-16B0F9F0CA8A}.Release|x64.Deploy.0 = Release|Any CPU
		{DCAE8696-214B-48BD-ACCD-16B0F9F0CA8A}.Release|x86.ActiveCfg = Release|x86
		{DCAE8696-214B-48BD-ACCD-16B0F9F0CA8A}.Release|x86.Build.0 = Release|x86
		{DCAE8696-214B-48BD-ACCD-16B0F9F0CA8A}.Release|x86.Deploy.0 = Release|x86
		{9007FAFA-D3A8-4F23-AFAD-19A7DB8C66C4}.Ad-Hoc|Any CPU.ActiveCfg = Release|Any CPU
		{9007FAFA-D3A8-4F23-AFAD-19A7DB8C66C4}.Ad-Hoc|Any CPU.Build.0 = Release|Any CPU
		{9007FAFA-D3A8-4F23-AFAD-19A7DB8C66C4}.Ad-Hoc|Any CPU.Deploy.0 = Release|Any CPU
		{9007FAFA-D3A8-4F23-AFAD-19A7DB8C66C4}.Ad-Hoc|ARM.ActiveCfg = Release|ARM
		{9007FAFA-D3A8-4F23-AFAD-19A7DB8C66C4}.Ad-Hoc|ARM.Build.0 = Release|ARM
		{9007FAFA-D3A8-4F23-AFAD-19A7DB8C66C4}.Ad-Hoc|ARM.Deploy.0 = Release|ARM
		{9007FAFA-D3A8-4F23-AFAD-19A7DB8C66C4}.Ad-Hoc|iPhone.ActiveCfg = Release|Any CPU
		{9007FAFA-D3A8-4F23-AFAD-19A7DB8C66C4}.Ad-Hoc|iPhone.Build.0 = Release|Any CPU
		{9007FAFA-D3A8-4F23-AFAD-19A7DB8C66C4}.Ad-Hoc|iPhone.Deploy.0 = Release|Any CPU
		{9007FAFA-D3A8-4F23-AFAD-19A7DB8C66C4}.Ad-Hoc|iPhoneSimulator.ActiveCfg = Release|Any CPU
		{9007FAFA-D3A8-4F23-AFAD-19A7DB8C66C4}.Ad-Hoc|iPhoneSimulator.Build.0 = Release|Any CPU
		{9007FAFA-D3A8-4F23-AFAD-19A7DB8C66C4}.Ad-Hoc|iPhoneSimulator.Deploy.0 = Release|Any CPU
		{9007FAFA-D3A8-4F23-AFAD-19A7DB8C66C4}.Ad-Hoc|x64.ActiveCfg = Release|x64
		{9007FAFA-D3A8-4F23-AFAD-19A7DB8C66C4}.Ad-Hoc|x64.Build.0 = Release|x64
		{9007FAFA-D3A8-4F23-AFAD-19A7DB8C66C4}.Ad-Hoc|x64.Deploy.0 = Release|x64
		{9007FAFA-D3A8-4F23-AFAD-19A7DB8C66C4}.Ad-Hoc|x86.ActiveCfg = Release|x86
		{9007FAFA-D3A8-4F23-AFAD-19A7DB8C66C4}.Ad-Hoc|x86.Build.0 = Release|x86
		{9007FAFA-D3A8-4F23-AFAD-19A7DB8C66C4}.Ad-Hoc|x86.Deploy.0 = Release|x86
		{9007FAFA-D3A8-4F23-AFAD-19A7DB8C66C4}.AppStore|Any CPU.ActiveCfg = Release|Any CPU
		{9007FAFA-D3A8-4F23-AFAD-19A7DB8C66C4}.AppStore|Any CPU.Build.0 = Release|Any CPU
		{9007FAFA-D3A8-4F23-AFAD-19A7DB8C66C4}.AppStore|Any CPU.Deploy.0 = Release|Any CPU
		{9007FAFA-D3A8-4F23-AFAD-19A7DB8C66C4}.AppStore|ARM.ActiveCfg = Release|ARM
		{9007FAFA-D3A8-4F23-AFAD-19A7DB8C66C4}.AppStore|ARM.Build.0 = Release|ARM
		{9007FAFA-D3A8-4F23-AFAD-19A7DB8C66C4}.AppStore|ARM.Deploy.0 = Release|ARM
		{9007FAFA-D3A8-4F23-AFAD-19A7DB8C66C4}.AppStore|iPhone.ActiveCfg = Release|Any CPU
		{9007FAFA-D3A8-4F23-AFAD-19A7DB8C66C4}.AppStore|iPhone.Build.0 = Release|Any CPU
		{9007FAFA-D3A8-4F23-AFAD-19A7DB8C66C4}.AppStore|iPhone.Deploy.0 = Release|Any CPU
		{9007FAFA-D3A8-4F23-AFAD-19A7DB8C66C4}.AppStore|iPhoneSimulator.ActiveCfg = Release|Any CPU
		{9007FAFA-D3A8-4F23-AFAD-19A7DB8C66C4}.AppStore|iPhoneSimulator.Build.0 = Release|Any CPU
		{9007FAFA-D3A8-4F23-AFAD-19A7DB8C66C4}.AppStore|iPhoneSimulator.Deploy.0 = Release|Any CPU
		{9007FAFA-D3A8-4F23-AFAD-19A7DB8C66C4}.AppStore|x64.ActiveCfg = Release|x64
		{9007FAFA-D3A8-4F23-AFAD-19A7DB8C66C4}.AppStore|x64.Build.0 = Release|x64
		{9007FAFA-D3A8-4F23-AFAD-19A7DB8C66C4}.AppStore|x64.Deploy.0 = Release|x64
		{9007FAFA-D3A8-4F23-AFAD-19A7DB8C66C4}.AppStore|x86.ActiveCfg = Release|x86
		{9007FAFA-D3A8-4F23-AFAD-19A7DB8C66C4}.AppStore|x86.Build.0 = Release|x86
		{9007FAFA-D3A8-4F23-AFAD-19A7DB8C66C4}.AppStore|x86.Deploy.0 = Release|x86
		{9007FAFA-D3A8-4F23-AFAD-19A7DB8C66C4}.Debug|Any CPU.ActiveCfg = Debug|Any CPU
		{9007FAFA-D3A8-4F23-AFAD-19A7DB8C66C4}.Debug|Any CPU.Build.0 = Debug|Any CPU
		{9007FAFA-D3A8-4F23-AFAD-19A7DB8C66C4}.Debug|Any CPU.Deploy.0 = Debug|Any CPU
		{9007FAFA-D3A8-4F23-AFAD-19A7DB8C66C4}.Debug|ARM.ActiveCfg = Debug|ARM
		{9007FAFA-D3A8-4F23-AFAD-19A7DB8C66C4}.Debug|ARM.Build.0 = Debug|ARM
		{9007FAFA-D3A8-4F23-AFAD-19A7DB8C66C4}.Debug|ARM.Deploy.0 = Debug|ARM
		{9007FAFA-D3A8-4F23-AFAD-19A7DB8C66C4}.Debug|iPhone.ActiveCfg = Debug|Any CPU
		{9007FAFA-D3A8-4F23-AFAD-19A7DB8C66C4}.Debug|iPhone.Build.0 = Debug|Any CPU
		{9007FAFA-D3A8-4F23-AFAD-19A7DB8C66C4}.Debug|iPhone.Deploy.0 = Debug|Any CPU
		{9007FAFA-D3A8-4F23-AFAD-19A7DB8C66C4}.Debug|iPhoneSimulator.ActiveCfg = Debug|Any CPU
		{9007FAFA-D3A8-4F23-AFAD-19A7DB8C66C4}.Debug|iPhoneSimulator.Build.0 = Debug|Any CPU
		{9007FAFA-D3A8-4F23-AFAD-19A7DB8C66C4}.Debug|iPhoneSimulator.Deploy.0 = Debug|Any CPU
		{9007FAFA-D3A8-4F23-AFAD-19A7DB8C66C4}.Debug|x64.ActiveCfg = Debug|x64
		{9007FAFA-D3A8-4F23-AFAD-19A7DB8C66C4}.Debug|x64.Build.0 = Debug|x64
		{9007FAFA-D3A8-4F23-AFAD-19A7DB8C66C4}.Debug|x64.Deploy.0 = Debug|x64
		{9007FAFA-D3A8-4F23-AFAD-19A7DB8C66C4}.Debug|x86.ActiveCfg = Debug|x86
		{9007FAFA-D3A8-4F23-AFAD-19A7DB8C66C4}.Debug|x86.Build.0 = Debug|x86
		{9007FAFA-D3A8-4F23-AFAD-19A7DB8C66C4}.Debug|x86.Deploy.0 = Debug|x86
		{9007FAFA-D3A8-4F23-AFAD-19A7DB8C66C4}.Release|Any CPU.ActiveCfg = Release|Any CPU
		{9007FAFA-D3A8-4F23-AFAD-19A7DB8C66C4}.Release|Any CPU.Build.0 = Release|Any CPU
		{9007FAFA-D3A8-4F23-AFAD-19A7DB8C66C4}.Release|Any CPU.Deploy.0 = Release|Any CPU
		{9007FAFA-D3A8-4F23-AFAD-19A7DB8C66C4}.Release|ARM.ActiveCfg = Release|ARM
		{9007FAFA-D3A8-4F23-AFAD-19A7DB8C66C4}.Release|ARM.Build.0 = Release|ARM
		{9007FAFA-D3A8-4F23-AFAD-19A7DB8C66C4}.Release|ARM.Deploy.0 = Release|ARM
		{9007FAFA-D3A8-4F23-AFAD-19A7DB8C66C4}.Release|iPhone.ActiveCfg = Release|Any CPU
		{9007FAFA-D3A8-4F23-AFAD-19A7DB8C66C4}.Release|iPhone.Build.0 = Release|Any CPU
		{9007FAFA-D3A8-4F23-AFAD-19A7DB8C66C4}.Release|iPhone.Deploy.0 = Release|Any CPU
		{9007FAFA-D3A8-4F23-AFAD-19A7DB8C66C4}.Release|iPhoneSimulator.ActiveCfg = Release|Any CPU
		{9007FAFA-D3A8-4F23-AFAD-19A7DB8C66C4}.Release|iPhoneSimulator.Build.0 = Release|Any CPU
		{9007FAFA-D3A8-4F23-AFAD-19A7DB8C66C4}.Release|iPhoneSimulator.Deploy.0 = Release|Any CPU
		{9007FAFA-D3A8-4F23-AFAD-19A7DB8C66C4}.Release|x64.ActiveCfg = Release|x64
		{9007FAFA-D3A8-4F23-AFAD-19A7DB8C66C4}.Release|x64.Build.0 = Release|x64
		{9007FAFA-D3A8-4F23-AFAD-19A7DB8C66C4}.Release|x64.Deploy.0 = Release|x64
		{9007FAFA-D3A8-4F23-AFAD-19A7DB8C66C4}.Release|x86.ActiveCfg = Release|x86
		{9007FAFA-D3A8-4F23-AFAD-19A7DB8C66C4}.Release|x86.Build.0 = Release|x86
		{9007FAFA-D3A8-4F23-AFAD-19A7DB8C66C4}.Release|x86.Deploy.0 = Release|x86
		{3C088A08-A687-4846-AC56-F03F67EDBA8E}.Ad-Hoc|Any CPU.ActiveCfg = Release|Any CPU
		{3C088A08-A687-4846-AC56-F03F67EDBA8E}.Ad-Hoc|Any CPU.Build.0 = Release|Any CPU
		{3C088A08-A687-4846-AC56-F03F67EDBA8E}.Ad-Hoc|ARM.ActiveCfg = Release|Any CPU
		{3C088A08-A687-4846-AC56-F03F67EDBA8E}.Ad-Hoc|ARM.Build.0 = Release|Any CPU
		{3C088A08-A687-4846-AC56-F03F67EDBA8E}.Ad-Hoc|iPhone.ActiveCfg = Release|Any CPU
		{3C088A08-A687-4846-AC56-F03F67EDBA8E}.Ad-Hoc|iPhone.Build.0 = Release|Any CPU
		{3C088A08-A687-4846-AC56-F03F67EDBA8E}.Ad-Hoc|iPhoneSimulator.ActiveCfg = Release|Any CPU
		{3C088A08-A687-4846-AC56-F03F67EDBA8E}.Ad-Hoc|iPhoneSimulator.Build.0 = Release|Any CPU
		{3C088A08-A687-4846-AC56-F03F67EDBA8E}.Ad-Hoc|x64.ActiveCfg = Release|Any CPU
		{3C088A08-A687-4846-AC56-F03F67EDBA8E}.Ad-Hoc|x64.Build.0 = Release|Any CPU
		{3C088A08-A687-4846-AC56-F03F67EDBA8E}.Ad-Hoc|x86.ActiveCfg = Release|Any CPU
		{3C088A08-A687-4846-AC56-F03F67EDBA8E}.Ad-Hoc|x86.Build.0 = Release|Any CPU
		{3C088A08-A687-4846-AC56-F03F67EDBA8E}.AppStore|Any CPU.ActiveCfg = Release|Any CPU
		{3C088A08-A687-4846-AC56-F03F67EDBA8E}.AppStore|Any CPU.Build.0 = Release|Any CPU
		{3C088A08-A687-4846-AC56-F03F67EDBA8E}.AppStore|ARM.ActiveCfg = Release|Any CPU
		{3C088A08-A687-4846-AC56-F03F67EDBA8E}.AppStore|ARM.Build.0 = Release|Any CPU
		{3C088A08-A687-4846-AC56-F03F67EDBA8E}.AppStore|iPhone.ActiveCfg = Release|Any CPU
		{3C088A08-A687-4846-AC56-F03F67EDBA8E}.AppStore|iPhone.Build.0 = Release|Any CPU
		{3C088A08-A687-4846-AC56-F03F67EDBA8E}.AppStore|iPhoneSimulator.ActiveCfg = Release|Any CPU
		{3C088A08-A687-4846-AC56-F03F67EDBA8E}.AppStore|iPhoneSimulator.Build.0 = Release|Any CPU
		{3C088A08-A687-4846-AC56-F03F67EDBA8E}.AppStore|x64.ActiveCfg = Release|Any CPU
		{3C088A08-A687-4846-AC56-F03F67EDBA8E}.AppStore|x64.Build.0 = Release|Any CPU
		{3C088A08-A687-4846-AC56-F03F67EDBA8E}.AppStore|x86.ActiveCfg = Release|Any CPU
		{3C088A08-A687-4846-AC56-F03F67EDBA8E}.AppStore|x86.Build.0 = Release|Any CPU
		{3C088A08-A687-4846-AC56-F03F67EDBA8E}.Debug|Any CPU.ActiveCfg = Debug|Any CPU
		{3C088A08-A687-4846-AC56-F03F67EDBA8E}.Debug|Any CPU.Build.0 = Debug|Any CPU
		{3C088A08-A687-4846-AC56-F03F67EDBA8E}.Debug|ARM.ActiveCfg = Debug|Any CPU
		{3C088A08-A687-4846-AC56-F03F67EDBA8E}.Debug|ARM.Build.0 = Debug|Any CPU
		{3C088A08-A687-4846-AC56-F03F67EDBA8E}.Debug|iPhone.ActiveCfg = Debug|Any CPU
		{3C088A08-A687-4846-AC56-F03F67EDBA8E}.Debug|iPhone.Build.0 = Debug|Any CPU
		{3C088A08-A687-4846-AC56-F03F67EDBA8E}.Debug|iPhoneSimulator.ActiveCfg = Debug|Any CPU
		{3C088A08-A687-4846-AC56-F03F67EDBA8E}.Debug|iPhoneSimulator.Build.0 = Debug|Any CPU
		{3C088A08-A687-4846-AC56-F03F67EDBA8E}.Debug|x64.ActiveCfg = Debug|Any CPU
		{3C088A08-A687-4846-AC56-F03F67EDBA8E}.Debug|x64.Build.0 = Debug|Any CPU
		{3C088A08-A687-4846-AC56-F03F67EDBA8E}.Debug|x86.ActiveCfg = Debug|Any CPU
		{3C088A08-A687-4846-AC56-F03F67EDBA8E}.Debug|x86.Build.0 = Debug|Any CPU
		{3C088A08-A687-4846-AC56-F03F67EDBA8E}.Release|Any CPU.ActiveCfg = Release|Any CPU
		{3C088A08-A687-4846-AC56-F03F67EDBA8E}.Release|Any CPU.Build.0 = Release|Any CPU
		{3C088A08-A687-4846-AC56-F03F67EDBA8E}.Release|ARM.ActiveCfg = Release|Any CPU
		{3C088A08-A687-4846-AC56-F03F67EDBA8E}.Release|ARM.Build.0 = Release|Any CPU
		{3C088A08-A687-4846-AC56-F03F67EDBA8E}.Release|iPhone.ActiveCfg = Release|Any CPU
		{3C088A08-A687-4846-AC56-F03F67EDBA8E}.Release|iPhone.Build.0 = Release|Any CPU
		{3C088A08-A687-4846-AC56-F03F67EDBA8E}.Release|iPhoneSimulator.ActiveCfg = Release|Any CPU
		{3C088A08-A687-4846-AC56-F03F67EDBA8E}.Release|iPhoneSimulator.Build.0 = Release|Any CPU
		{3C088A08-A687-4846-AC56-F03F67EDBA8E}.Release|x64.ActiveCfg = Release|Any CPU
		{3C088A08-A687-4846-AC56-F03F67EDBA8E}.Release|x64.Build.0 = Release|Any CPU
		{3C088A08-A687-4846-AC56-F03F67EDBA8E}.Release|x86.ActiveCfg = Release|Any CPU
		{3C088A08-A687-4846-AC56-F03F67EDBA8E}.Release|x86.Build.0 = Release|Any CPU
	EndGlobalSection
	GlobalSection(SolutionProperties) = preSolution
		HideSolutionNode = FALSE
	EndGlobalSection
	GlobalSection(NestedProjects) = preSolution
		{20C382CE-9305-462A-803B-26710F88748F} = {665C6778-9478-479F-AE01-E0BA0306B329}
		{0C05E78E-C056-4F36-AB2D-1ED9A65BE017} = {665C6778-9478-479F-AE01-E0BA0306B329}
		{9F4D75FE-23DB-4176-9A01-1937103F6270} = {B0E5D4CC-1694-460D-812E-B63B8F72EAC5}
		{24EEC194-2107-40A6-B5A4-57083E05131D} = {444736E4-3511-48F0-BD9B-CCB045B7C1E5}
		{7ADC8FB2-42F2-4666-AA62-00A2942A2CF6} = {665C6778-9478-479F-AE01-E0BA0306B329}
		{EFF4D575-D313-415F-861A-C0DF6F51F3D0} = {665C6778-9478-479F-AE01-E0BA0306B329}
		{EB8C353E-7F44-48E7-BBFE-A3BCA9C2642E} = {EFF4D575-D313-415F-861A-C0DF6F51F3D0}
		{8A31328D-AF1D-4ED5-AA82-18048510BD38} = {EFF4D575-D313-415F-861A-C0DF6F51F3D0}
		{730D3E89-3876-4AD6-9E21-BEC2CD228177} = {EFF4D575-D313-415F-861A-C0DF6F51F3D0}
		{EBFB5A72-0899-41F6-97D4-D2CBA7FE329A} = {665C6778-9478-479F-AE01-E0BA0306B329}
		{A0985243-6D60-466A-9FB5-8071489B75F1} = {37EC1E54-D8DC-456B-B37A-E47350EBBD0B}
		{745AC153-A2E6-40D8-B35C-D67AB0368420} = {37EC1E54-D8DC-456B-B37A-E47350EBBD0B}
		{C7819D3E-A66A-4E85-AB68-E7829F3DABCD} = {37EC1E54-D8DC-456B-B37A-E47350EBBD0B}
		{DCAE8696-214B-48BD-ACCD-16B0F9F0CA8A} = {37EC1E54-D8DC-456B-B37A-E47350EBBD0B}
		{9007FAFA-D3A8-4F23-AFAD-19A7DB8C66C4} = {37EC1E54-D8DC-456B-B37A-E47350EBBD0B}
		{3C088A08-A687-4846-AC56-F03F67EDBA8E} = {37EC1E54-D8DC-456B-B37A-E47350EBBD0B}
	EndGlobalSection
EndGlobal
